// !$*UTF8*$!
{
	archiveVersion = 1;
	classes = {
	};
	objectVersion = 46;
	objects = {

/* Begin PBXBuildFile section */
		B244408915BE53DC00D4D4CA /* Foundation.framework in Frameworks */ = {isa = PBXBuildFile; fileRef = B244408815BE53DC00D4D4CA /* Foundation.framework */; };
		B2D8D60215BF808200A61836 /* Security.framework in Frameworks */ = {isa = PBXBuildFile; fileRef = B2D8D60115BF808200A61836 /* Security.framework */; };
		B2D8D60415BF808800A61836 /* SystemConfiguration.framework in Frameworks */ = {isa = PBXBuildFile; fileRef = B2D8D60315BF808800A61836 /* SystemConfiguration.framework */; };
		B2D8D60615BF808E00A61836 /* libicucore.dylib in Frameworks */ = {isa = PBXBuildFile; fileRef = B2D8D60515BF808E00A61836 /* libicucore.dylib */; };
		B2D8D60815BF809300A61836 /* CoreData.framework in Frameworks */ = {isa = PBXBuildFile; fileRef = B2D8D60715BF809300A61836 /* CoreData.framework */; };
		B2D8D60A15BF809700A61836 /* CoreText.framework in Frameworks */ = {isa = PBXBuildFile; fileRef = B2D8D60915BF809700A61836 /* CoreText.framework */; };
		FD260E1415CC4F160002C801 /* InsiderPages.xcdatamodeld in CopyFiles */ = {isa = PBXBuildFile; fileRef = FD764F2815C9CEA100A3D10A /* InsiderPages.xcdatamodeld */; };
		FD260E1515CC5E420002C801 /* InsiderPages.xcdatamodeld in Sources */ = {isa = PBXBuildFile; fileRef = FD764F2815C9CEA100A3D10A /* InsiderPages.xcdatamodeld */; };
		FD260E1915CC91590002C801 /* NSRunLoop+TimeOutAndFlag.m in Sources */ = {isa = PBXBuildFile; fileRef = FD260E1715CC90AE0002C801 /* NSRunLoop+TimeOutAndFlag.m */; };
		FD32632415D040550050F394 /* NSDictionary+InsiderPagesKit.m in Sources */ = {isa = PBXBuildFile; fileRef = FD764BA215C9CADE00A3D10A /* NSDictionary+InsiderPagesKit.m */; };
		FD32632515D0407F0050F394 /* NSDictionary+InsiderPagesKit.m in Sources */ = {isa = PBXBuildFile; fileRef = FD764BA215C9CADE00A3D10A /* NSDictionary+InsiderPagesKit.m */; };
		FD32632815D077780050F394 /* NSMutableDictionary+InsiderPagesKit.h in Headers */ = {isa = PBXBuildFile; fileRef = FD32632615D077780050F394 /* NSMutableDictionary+InsiderPagesKit.h */; };
		FD32632915D077780050F394 /* NSMutableDictionary+InsiderPagesKit.m in Sources */ = {isa = PBXBuildFile; fileRef = FD32632715D077780050F394 /* NSMutableDictionary+InsiderPagesKit.m */; };
		FD32632A15D077780050F394 /* NSMutableDictionary+InsiderPagesKit.m in Sources */ = {isa = PBXBuildFile; fileRef = FD32632715D077780050F394 /* NSMutableDictionary+InsiderPagesKit.m */; };
		FD32632B15D078240050F394 /* NSMutableDictionary+InsiderPagesKit.m in Sources */ = {isa = PBXBuildFile; fileRef = FD32632715D077780050F394 /* NSMutableDictionary+InsiderPagesKit.m */; };
		FD764C3B15C9CADE00A3D10A /* IPKDefines.h in Headers */ = {isa = PBXBuildFile; fileRef = FD764B9015C9CADE00A3D10A /* IPKDefines.h */; settings = {ATTRIBUTES = (Public, ); }; };
		FD764C3C15C9CADE00A3D10A /* IPKDefines.m in Sources */ = {isa = PBXBuildFile; fileRef = FD764B9115C9CADE00A3D10A /* IPKDefines.m */; };
		FD764C3D15C9CADE00A3D10A /* IPKDefines.m in Sources */ = {isa = PBXBuildFile; fileRef = FD764B9115C9CADE00A3D10A /* IPKDefines.m */; };
		FD764C3E15C9CADE00A3D10A /* IPKHTTPClient.h in Headers */ = {isa = PBXBuildFile; fileRef = FD764B9215C9CADE00A3D10A /* IPKHTTPClient.h */; settings = {ATTRIBUTES = (Public, ); }; };
		FD764C3F15C9CADE00A3D10A /* IPKHTTPClient.m in Sources */ = {isa = PBXBuildFile; fileRef = FD764B9315C9CADE00A3D10A /* IPKHTTPClient.m */; };
		FD764C4015C9CADE00A3D10A /* IPKHTTPClient.m in Sources */ = {isa = PBXBuildFile; fileRef = FD764B9315C9CADE00A3D10A /* IPKHTTPClient.m */; };
		FD764C4415C9CADE00A3D10A /* IPKPushController.h in Headers */ = {isa = PBXBuildFile; fileRef = FD764B9615C9CADE00A3D10A /* IPKPushController.h */; settings = {ATTRIBUTES = (Public, ); }; };
		FD764C4515C9CADE00A3D10A /* IPKPushController.m in Sources */ = {isa = PBXBuildFile; fileRef = FD764B9715C9CADE00A3D10A /* IPKPushController.m */; };
		FD764C4615C9CADE00A3D10A /* IPKPushController.m in Sources */ = {isa = PBXBuildFile; fileRef = FD764B9715C9CADE00A3D10A /* IPKPushController.m */; };
		FD764C4715C9CADE00A3D10A /* IPKRemoteManagedObject.h in Headers */ = {isa = PBXBuildFile; fileRef = FD764B9815C9CADE00A3D10A /* IPKRemoteManagedObject.h */; settings = {ATTRIBUTES = (Public, ); }; };
		FD764C4815C9CADE00A3D10A /* IPKRemoteManagedObject.m in Sources */ = {isa = PBXBuildFile; fileRef = FD764B9915C9CADE00A3D10A /* IPKRemoteManagedObject.m */; };
		FD764C4915C9CADE00A3D10A /* IPKRemoteManagedObject.m in Sources */ = {isa = PBXBuildFile; fileRef = FD764B9915C9CADE00A3D10A /* IPKRemoteManagedObject.m */; };
		FD764C5315C9CADE00A3D10A /* InsiderPagesKit.h in Headers */ = {isa = PBXBuildFile; fileRef = FD764BA015C9CADE00A3D10A /* InsiderPagesKit.h */; settings = {ATTRIBUTES = (Public, ); }; };
		FD764C5415C9CADE00A3D10A /* NSDictionary+InsiderPagesKit.h in Headers */ = {isa = PBXBuildFile; fileRef = FD764BA115C9CADE00A3D10A /* NSDictionary+InsiderPagesKit.h */; settings = {ATTRIBUTES = (Public, ); }; };
		FD764C5615C9CADE00A3D10A /* NSDictionary+InsiderPagesKit.m in Sources */ = {isa = PBXBuildFile; fileRef = FD764BA215C9CADE00A3D10A /* NSDictionary+InsiderPagesKit.m */; };
		FD764C5715C9CADE00A3D10A /* NSString+InsiderPagesKit.h in Headers */ = {isa = PBXBuildFile; fileRef = FD764BA315C9CADE00A3D10A /* NSString+InsiderPagesKit.h */; settings = {ATTRIBUTES = (Public, ); }; };
		FD764C5815C9CADE00A3D10A /* NSString+InsiderPagesKit.m in Sources */ = {isa = PBXBuildFile; fileRef = FD764BA415C9CADE00A3D10A /* NSString+InsiderPagesKit.m */; };
		FD764C5915C9CADE00A3D10A /* NSString+InsiderPagesKit.m in Sources */ = {isa = PBXBuildFile; fileRef = FD764BA415C9CADE00A3D10A /* NSString+InsiderPagesKit.m */; };
		FD764CE815C9CB1400A3D10A /* Cocoa.framework in Frameworks */ = {isa = PBXBuildFile; fileRef = FD764CE715C9CB1400A3D10A /* Cocoa.framework */; };
		FD764F2B15C9CEA100A3D10A /* InsiderPages.xcdatamodeld in Sources */ = {isa = PBXBuildFile; fileRef = FD764F2815C9CEA100A3D10A /* InsiderPages.xcdatamodeld */; };
		FD7654C915C9D53300A3D10A /* AFIncrementalStore.h in Headers */ = {isa = PBXBuildFile; fileRef = FD764F6B15C9D52E00A3D10A /* AFIncrementalStore.h */; };
		FD7654CA15C9D53300A3D10A /* AFIncrementalStore.m in Sources */ = {isa = PBXBuildFile; fileRef = FD764F6C15C9D52E00A3D10A /* AFIncrementalStore.m */; settings = {COMPILER_FLAGS = "-fno-objc-arc"; }; };
		FD7654CB15C9D53300A3D10A /* AFIncrementalStore.m in Sources */ = {isa = PBXBuildFile; fileRef = FD764F6C15C9D52E00A3D10A /* AFIncrementalStore.m */; };
		FD7654CC15C9D53300A3D10A /* AFRESTClient.h in Headers */ = {isa = PBXBuildFile; fileRef = FD764F6D15C9D52E00A3D10A /* AFRESTClient.h */; };
		FD7654CD15C9D53300A3D10A /* AFRESTClient.m in Sources */ = {isa = PBXBuildFile; fileRef = FD764F6E15C9D52E00A3D10A /* AFRESTClient.m */; settings = {COMPILER_FLAGS = "-fno-objc-arc"; }; };
		FD7654CE15C9D53300A3D10A /* AFRESTClient.m in Sources */ = {isa = PBXBuildFile; fileRef = FD764F6E15C9D52E00A3D10A /* AFRESTClient.m */; settings = {COMPILER_FLAGS = "-fno-objc-arc"; }; };
		FD7654CF15C9D53300A3D10A /* AFHTTPClient.h in Headers */ = {isa = PBXBuildFile; fileRef = FD764F7215C9D52E00A3D10A /* AFHTTPClient.h */; };
		FD7654D015C9D53300A3D10A /* AFHTTPClient.m in Sources */ = {isa = PBXBuildFile; fileRef = FD764F7315C9D52E00A3D10A /* AFHTTPClient.m */; settings = {COMPILER_FLAGS = "-fno-objc-arc"; }; };
		FD7654D115C9D53300A3D10A /* AFHTTPClient.m in Sources */ = {isa = PBXBuildFile; fileRef = FD764F7315C9D52E00A3D10A /* AFHTTPClient.m */; settings = {COMPILER_FLAGS = "-fno-objc-arc"; }; };
		FD7654D215C9D53300A3D10A /* AFHTTPRequestOperation.h in Headers */ = {isa = PBXBuildFile; fileRef = FD764F7415C9D52E00A3D10A /* AFHTTPRequestOperation.h */; };
		FD7654D315C9D53300A3D10A /* AFHTTPRequestOperation.m in Sources */ = {isa = PBXBuildFile; fileRef = FD764F7515C9D52E00A3D10A /* AFHTTPRequestOperation.m */; settings = {COMPILER_FLAGS = "-fno-objc-arc"; }; };
		FD7654D415C9D53300A3D10A /* AFHTTPRequestOperation.m in Sources */ = {isa = PBXBuildFile; fileRef = FD764F7515C9D52E00A3D10A /* AFHTTPRequestOperation.m */; settings = {COMPILER_FLAGS = "-fno-objc-arc"; }; };
		FD7654D515C9D53300A3D10A /* AFImageRequestOperation.h in Headers */ = {isa = PBXBuildFile; fileRef = FD764F7615C9D52E00A3D10A /* AFImageRequestOperation.h */; };
		FD7654D615C9D53300A3D10A /* AFImageRequestOperation.m in Sources */ = {isa = PBXBuildFile; fileRef = FD764F7715C9D52E00A3D10A /* AFImageRequestOperation.m */; settings = {COMPILER_FLAGS = "-fno-objc-arc"; }; };
		FD7654D715C9D53300A3D10A /* AFImageRequestOperation.m in Sources */ = {isa = PBXBuildFile; fileRef = FD764F7715C9D52E00A3D10A /* AFImageRequestOperation.m */; settings = {COMPILER_FLAGS = "-fno-objc-arc"; }; };
		FD7654D815C9D53300A3D10A /* AFJSONRequestOperation.h in Headers */ = {isa = PBXBuildFile; fileRef = FD764F7815C9D52E00A3D10A /* AFJSONRequestOperation.h */; };
		FD7654D915C9D53300A3D10A /* AFJSONRequestOperation.m in Sources */ = {isa = PBXBuildFile; fileRef = FD764F7915C9D52E00A3D10A /* AFJSONRequestOperation.m */; settings = {COMPILER_FLAGS = "-fno-objc-arc"; }; };
		FD7654DA15C9D53300A3D10A /* AFJSONRequestOperation.m in Sources */ = {isa = PBXBuildFile; fileRef = FD764F7915C9D52E00A3D10A /* AFJSONRequestOperation.m */; settings = {COMPILER_FLAGS = "-fno-objc-arc"; }; };
		FD7654DB15C9D53300A3D10A /* AFJSONUtilities.h in Headers */ = {isa = PBXBuildFile; fileRef = FD764F7A15C9D52E00A3D10A /* AFJSONUtilities.h */; };
		FD7654DC15C9D53300A3D10A /* AFJSONUtilities.m in Sources */ = {isa = PBXBuildFile; fileRef = FD764F7B15C9D52E00A3D10A /* AFJSONUtilities.m */; settings = {COMPILER_FLAGS = "-fno-objc-arc"; }; };
		FD7654DD15C9D53300A3D10A /* AFJSONUtilities.m in Sources */ = {isa = PBXBuildFile; fileRef = FD764F7B15C9D52E00A3D10A /* AFJSONUtilities.m */; settings = {COMPILER_FLAGS = "-fno-objc-arc"; }; };
		FD7654DE15C9D53300A3D10A /* AFNetworkActivityIndicatorManager.h in Headers */ = {isa = PBXBuildFile; fileRef = FD764F7C15C9D52E00A3D10A /* AFNetworkActivityIndicatorManager.h */; };
		FD7654DF15C9D53300A3D10A /* AFNetworkActivityIndicatorManager.m in Sources */ = {isa = PBXBuildFile; fileRef = FD764F7D15C9D52E00A3D10A /* AFNetworkActivityIndicatorManager.m */; settings = {COMPILER_FLAGS = "-fno-objc-arc"; }; };
		FD7654E015C9D53300A3D10A /* AFNetworkActivityIndicatorManager.m in Sources */ = {isa = PBXBuildFile; fileRef = FD764F7D15C9D52E00A3D10A /* AFNetworkActivityIndicatorManager.m */; settings = {COMPILER_FLAGS = "-fno-objc-arc"; }; };
		FD7654E115C9D53300A3D10A /* AFNetworking.h in Headers */ = {isa = PBXBuildFile; fileRef = FD764F7E15C9D52E00A3D10A /* AFNetworking.h */; };
		FD7654E215C9D53300A3D10A /* AFPropertyListRequestOperation.h in Headers */ = {isa = PBXBuildFile; fileRef = FD764F7F15C9D52E00A3D10A /* AFPropertyListRequestOperation.h */; };
		FD7654E315C9D53300A3D10A /* AFPropertyListRequestOperation.m in Sources */ = {isa = PBXBuildFile; fileRef = FD764F8015C9D52E00A3D10A /* AFPropertyListRequestOperation.m */; settings = {COMPILER_FLAGS = "-fno-objc-arc"; }; };
		FD7654E415C9D53300A3D10A /* AFPropertyListRequestOperation.m in Sources */ = {isa = PBXBuildFile; fileRef = FD764F8015C9D52E00A3D10A /* AFPropertyListRequestOperation.m */; settings = {COMPILER_FLAGS = "-fno-objc-arc"; }; };
		FD7654E515C9D53300A3D10A /* AFURLConnectionOperation.h in Headers */ = {isa = PBXBuildFile; fileRef = FD764F8115C9D52E00A3D10A /* AFURLConnectionOperation.h */; };
		FD7654E615C9D53300A3D10A /* AFURLConnectionOperation.m in Sources */ = {isa = PBXBuildFile; fileRef = FD764F8215C9D52E00A3D10A /* AFURLConnectionOperation.m */; settings = {COMPILER_FLAGS = "-fno-objc-arc"; }; };
		FD7654E715C9D53300A3D10A /* AFURLConnectionOperation.m in Sources */ = {isa = PBXBuildFile; fileRef = FD764F8215C9D52E00A3D10A /* AFURLConnectionOperation.m */; settings = {COMPILER_FLAGS = "-fno-objc-arc"; }; };
		FD7654E815C9D53300A3D10A /* AFXMLRequestOperation.h in Headers */ = {isa = PBXBuildFile; fileRef = FD764F8315C9D52E00A3D10A /* AFXMLRequestOperation.h */; };
		FD7654E915C9D53300A3D10A /* AFXMLRequestOperation.m in Sources */ = {isa = PBXBuildFile; fileRef = FD764F8415C9D52E00A3D10A /* AFXMLRequestOperation.m */; settings = {COMPILER_FLAGS = "-fno-objc-arc"; }; };
		FD7654EA15C9D53300A3D10A /* AFXMLRequestOperation.m in Sources */ = {isa = PBXBuildFile; fileRef = FD764F8415C9D52E00A3D10A /* AFXMLRequestOperation.m */; settings = {COMPILER_FLAGS = "-fno-objc-arc"; }; };
		FD7654EB15C9D53300A3D10A /* UIImageView+AFNetworking.h in Headers */ = {isa = PBXBuildFile; fileRef = FD764F8515C9D52E00A3D10A /* UIImageView+AFNetworking.h */; };
		FD7654EC15C9D53300A3D10A /* UIImageView+AFNetworking.m in Sources */ = {isa = PBXBuildFile; fileRef = FD764F8615C9D52E00A3D10A /* UIImageView+AFNetworking.m */; settings = {COMPILER_FLAGS = "-fno-objc-arc"; }; };
		FD7654ED15C9D53300A3D10A /* UIImageView+AFNetworking.m in Sources */ = {isa = PBXBuildFile; fileRef = FD764F8615C9D52E00A3D10A /* UIImageView+AFNetworking.m */; settings = {COMPILER_FLAGS = "-fno-objc-arc"; }; };
		FD7655C415C9D53400A3D10A /* Reachability.h in Headers */ = {isa = PBXBuildFile; fileRef = FD76548215C9D53200A3D10A /* Reachability.h */; };
		FD7655C515C9D53400A3D10A /* Reachability.m in Sources */ = {isa = PBXBuildFile; fileRef = FD76548315C9D53200A3D10A /* Reachability.m */; };
		FD7655C615C9D53400A3D10A /* Reachability.m in Sources */ = {isa = PBXBuildFile; fileRef = FD76548315C9D53200A3D10A /* Reachability.m */; };
		FD7655C715C9D53400A3D10A /* NSManagedObjectContext+SSDataKitAdditions.h in Headers */ = {isa = PBXBuildFile; fileRef = FD76548715C9D53200A3D10A /* NSManagedObjectContext+SSDataKitAdditions.h */; };
		FD7655C815C9D53400A3D10A /* NSManagedObjectContext+SSDataKitAdditions.m in Sources */ = {isa = PBXBuildFile; fileRef = FD76548815C9D53200A3D10A /* NSManagedObjectContext+SSDataKitAdditions.m */; };
		FD7655C915C9D53400A3D10A /* NSManagedObjectContext+SSDataKitAdditions.m in Sources */ = {isa = PBXBuildFile; fileRef = FD76548815C9D53200A3D10A /* NSManagedObjectContext+SSDataKitAdditions.m */; };
		FD7655CA15C9D53400A3D10A /* SSDataKit.h in Headers */ = {isa = PBXBuildFile; fileRef = FD76548A15C9D53200A3D10A /* SSDataKit.h */; settings = {ATTRIBUTES = (Public, ); }; };
		FD7655D415C9D53400A3D10A /* SSManagedObject.h in Headers */ = {isa = PBXBuildFile; fileRef = FD76549115C9D53200A3D10A /* SSManagedObject.h */; };
		FD7655D515C9D53400A3D10A /* SSManagedObject.m in Sources */ = {isa = PBXBuildFile; fileRef = FD76549215C9D53200A3D10A /* SSManagedObject.m */; };
		FD7655D615C9D53400A3D10A /* SSManagedObject.m in Sources */ = {isa = PBXBuildFile; fileRef = FD76549215C9D53200A3D10A /* SSManagedObject.m */; };
		FD7655DD15C9D53400A3D10A /* SSRemoteManagedObject.h in Headers */ = {isa = PBXBuildFile; fileRef = FD76549715C9D53200A3D10A /* SSRemoteManagedObject.h */; };
		FD7655DE15C9D53400A3D10A /* SSRemoteManagedObject.m in Sources */ = {isa = PBXBuildFile; fileRef = FD76549815C9D53200A3D10A /* SSRemoteManagedObject.m */; };
		FD7655DF15C9D53400A3D10A /* SSRemoteManagedObject.m in Sources */ = {isa = PBXBuildFile; fileRef = FD76549815C9D53200A3D10A /* SSRemoteManagedObject.m */; };
		FD7655E015C9D53400A3D10A /* SSKeychain.h in Headers */ = {isa = PBXBuildFile; fileRef = FD76549F15C9D53200A3D10A /* SSKeychain.h */; };
		FD7655E115C9D53400A3D10A /* SSKeychain.m in Sources */ = {isa = PBXBuildFile; fileRef = FD7654A015C9D53200A3D10A /* SSKeychain.m */; };
		FD7655E215C9D53400A3D10A /* SSKeychain.m in Sources */ = {isa = PBXBuildFile; fileRef = FD7654A015C9D53200A3D10A /* SSKeychain.m */; };
		FD76560E15C9D5D300A3D10A /* Bully.framework in Frameworks */ = {isa = PBXBuildFile; fileRef = FD7655F015C9D53400A3D10A /* Bully.framework */; };
		FD76561115C9D65C00A3D10A /* libBully.a in Frameworks */ = {isa = PBXBuildFile; fileRef = FD7655EE15C9D53400A3D10A /* libBully.a */; };
		FD76561215C9D6B600A3D10A /* SSFilterableFetchedResultsController.m in Sources */ = {isa = PBXBuildFile; fileRef = FD76548C15C9D53200A3D10A /* SSFilterableFetchedResultsController.m */; };
		FD76561315C9D6B600A3D10A /* SSFilteredResultsFilter.m in Sources */ = {isa = PBXBuildFile; fileRef = FD76548E15C9D53200A3D10A /* SSFilteredResultsFilter.m */; };
		FD76561415C9D6B600A3D10A /* SSFilteredResultsSection.m in Sources */ = {isa = PBXBuildFile; fileRef = FD76549015C9D53200A3D10A /* SSFilteredResultsSection.m */; };
		FD76561515C9D6B600A3D10A /* SSManagedTableViewController.m in Sources */ = {isa = PBXBuildFile; fileRef = FD76549415C9D53200A3D10A /* SSManagedTableViewController.m */; };
		FD76561615C9D6B600A3D10A /* SSManagedViewController.m in Sources */ = {isa = PBXBuildFile; fileRef = FD76549615C9D53200A3D10A /* SSManagedViewController.m */; };
		FD76561E15C9D6FF00A3D10A /* SenTestingKit.framework in Frameworks */ = {isa = PBXBuildFile; fileRef = FD76561D15C9D6FF00A3D10A /* SenTestingKit.framework */; };
		FD76562115C9D6FF00A3D10A /* Foundation.framework in Frameworks */ = {isa = PBXBuildFile; fileRef = B244408815BE53DC00D4D4CA /* Foundation.framework */; };
		FD76562A15C9D70000A3D10A /* InsiderPagesKitTests.m in Sources */ = {isa = PBXBuildFile; fileRef = FD76562915C9D70000A3D10A /* InsiderPagesKitTests.m */; };
		FD76568115C9E35000A3D10A /* IPKDefines.m in Sources */ = {isa = PBXBuildFile; fileRef = FD764B9115C9CADE00A3D10A /* IPKDefines.m */; };
		FD76568B15C9ED1100A3D10A /* libInsiderPagesKit.a in Frameworks */ = {isa = PBXBuildFile; fileRef = B244408515BE53DC00D4D4CA /* libInsiderPagesKit.a */; };
		FD76568C15C9F0C000A3D10A /* CoreData.framework in Frameworks */ = {isa = PBXBuildFile; fileRef = FD76568215C9E80100A3D10A /* CoreData.framework */; };
		FD76568E15C9F0CC00A3D10A /* UIKit.framework in Frameworks */ = {isa = PBXBuildFile; fileRef = FD76568D15C9F0CC00A3D10A /* UIKit.framework */; };
		FD76569015C9F0D200A3D10A /* Security.framework in Frameworks */ = {isa = PBXBuildFile; fileRef = FD76568F15C9F0D100A3D10A /* Security.framework */; };
		FD7656A015CA053100A3D10A /* IPKQueryModel.h in Headers */ = {isa = PBXBuildFile; fileRef = FD76569E15CA052F00A3D10A /* IPKQueryModel.h */; };
		FD7656A115CA053100A3D10A /* IPKQueryModel.m in Sources */ = {isa = PBXBuildFile; fileRef = FD76569F15CA053000A3D10A /* IPKQueryModel.m */; };
		FD7656A215CA053100A3D10A /* IPKQueryModel.m in Sources */ = {isa = PBXBuildFile; fileRef = FD76569F15CA053000A3D10A /* IPKQueryModel.m */; };
		FD7656B015CAF2B500A3D10A /* IPKList.h in Headers */ = {isa = PBXBuildFile; fileRef = FD7656A415CAF2B500A3D10A /* IPKList.h */; };
		FD7656B115CAF2B500A3D10A /* IPKList.m in Sources */ = {isa = PBXBuildFile; fileRef = FD7656A515CAF2B500A3D10A /* IPKList.m */; };
		FD7656B215CAF2B500A3D10A /* IPKList.m in Sources */ = {isa = PBXBuildFile; fileRef = FD7656A515CAF2B500A3D10A /* IPKList.m */; };
		FD7656B915CAF2B500A3D10A /* IPKTag.h in Headers */ = {isa = PBXBuildFile; fileRef = FD7656AA15CAF2B500A3D10A /* IPKTag.h */; };
		FD7656BA15CAF2B500A3D10A /* IPKTag.m in Sources */ = {isa = PBXBuildFile; fileRef = FD7656AB15CAF2B500A3D10A /* IPKTag.m */; };
		FD7656BB15CAF2B500A3D10A /* IPKTag.m in Sources */ = {isa = PBXBuildFile; fileRef = FD7656AB15CAF2B500A3D10A /* IPKTag.m */; };
		FD7656BC15CAF2B500A3D10A /* IPKTask.h in Headers */ = {isa = PBXBuildFile; fileRef = FD7656AC15CAF2B500A3D10A /* IPKTask.h */; };
		FD7656BD15CAF2B500A3D10A /* IPKTask.m in Sources */ = {isa = PBXBuildFile; fileRef = FD7656AD15CAF2B500A3D10A /* IPKTask.m */; };
		FD7656BE15CAF2B500A3D10A /* IPKTask.m in Sources */ = {isa = PBXBuildFile; fileRef = FD7656AD15CAF2B500A3D10A /* IPKTask.m */; };
		FD7656BF15CAF2B500A3D10A /* IPKUser.h in Headers */ = {isa = PBXBuildFile; fileRef = FD7656AE15CAF2B500A3D10A /* IPKUser.h */; settings = {ATTRIBUTES = (Public, ); }; };
		FD7656C015CAF2B500A3D10A /* IPKUser.m in Sources */ = {isa = PBXBuildFile; fileRef = FD7656AF15CAF2B500A3D10A /* IPKUser.m */; };
		FD7656C115CAF2B500A3D10A /* IPKUser.m in Sources */ = {isa = PBXBuildFile; fileRef = FD7656AF15CAF2B500A3D10A /* IPKUser.m */; };
		FD7656C915CB833B00A3D10A /* IPKNotification.h in Headers */ = {isa = PBXBuildFile; fileRef = FD7656C715CB833A00A3D10A /* IPKNotification.h */; };
		FD7656CA15CB833B00A3D10A /* IPKNotification.m in Sources */ = {isa = PBXBuildFile; fileRef = FD7656C815CB833B00A3D10A /* IPKNotification.m */; };
		FD7656CB15CB833B00A3D10A /* IPKNotification.m in Sources */ = {isa = PBXBuildFile; fileRef = FD7656C815CB833B00A3D10A /* IPKNotification.m */; };
		FD7656CE15CB833D00A3D10A /* IPKPage.h in Headers */ = {isa = PBXBuildFile; fileRef = FD7656CC15CB833C00A3D10A /* IPKPage.h */; };
		FD7656CF15CB833D00A3D10A /* IPKPage.m in Sources */ = {isa = PBXBuildFile; fileRef = FD7656CD15CB833D00A3D10A /* IPKPage.m */; };
		FD7656D015CB833D00A3D10A /* IPKPage.m in Sources */ = {isa = PBXBuildFile; fileRef = FD7656CD15CB833D00A3D10A /* IPKPage.m */; };
		FD7656D815CB834000A3D10A /* IPKProvider.h in Headers */ = {isa = PBXBuildFile; fileRef = FD7656D615CB833F00A3D10A /* IPKProvider.h */; };
		FD7656D915CB834000A3D10A /* IPKProvider.m in Sources */ = {isa = PBXBuildFile; fileRef = FD7656D715CB833F00A3D10A /* IPKProvider.m */; };
		FD7656DA15CB834000A3D10A /* IPKProvider.m in Sources */ = {isa = PBXBuildFile; fileRef = FD7656D715CB833F00A3D10A /* IPKProvider.m */; };
		FD7656DD15CB834100A3D10A /* IPKActivity.h in Headers */ = {isa = PBXBuildFile; fileRef = FD7656DB15CB834000A3D10A /* IPKActivity.h */; };
		FD7656DE15CB834100A3D10A /* IPKActivity.m in Sources */ = {isa = PBXBuildFile; fileRef = FD7656DC15CB834100A3D10A /* IPKActivity.m */; };
		FD7656DF15CB834100A3D10A /* IPKActivity.m in Sources */ = {isa = PBXBuildFile; fileRef = FD7656DC15CB834100A3D10A /* IPKActivity.m */; };
/* End PBXBuildFile section */

/* Begin PBXContainerItemProxy section */
		FD7655ED15C9D53400A3D10A /* PBXContainerItemProxy */ = {
			isa = PBXContainerItemProxy;
			containerPortal = FD764FD715C9D52E00A3D10A /* Bully.xcodeproj */;
			proxyType = 2;
			remoteGlobalIDString = B2587E4B1579E740009D7B44;
			remoteInfo = Bully;
		};
		FD7655EF15C9D53400A3D10A /* PBXContainerItemProxy */ = {
			isa = PBXContainerItemProxy;
			containerPortal = FD764FD715C9D52E00A3D10A /* Bully.xcodeproj */;
			proxyType = 2;
			remoteGlobalIDString = B2FB4873158AF9B20067FB00;
			remoteInfo = BullyMac;
		};
		FD76560815C9D53400A3D10A /* PBXContainerItemProxy */ = {
			isa = PBXContainerItemProxy;
			containerPortal = FD7654A315C9D53200A3D10A /* SSKeychain.xcodeproj */;
			proxyType = 2;
			remoteGlobalIDString = B2A5FAB0143AC134000F6011;
			remoteInfo = SSKeychainTests;
		};
		FD76560A15C9D53400A3D10A /* PBXContainerItemProxy */ = {
			isa = PBXContainerItemProxy;
			containerPortal = FD7654A315C9D53200A3D10A /* SSKeychain.xcodeproj */;
			proxyType = 2;
			remoteGlobalIDString = B2059B681559058C003D2FAC;
			remoteInfo = SSKeychainTestsARC;
		};
		FD76560C15C9D5CD00A3D10A /* PBXContainerItemProxy */ = {
			isa = PBXContainerItemProxy;
			containerPortal = FD764FD715C9D52E00A3D10A /* Bully.xcodeproj */;
			proxyType = 1;
			remoteGlobalIDString = B2FB4872158AF9B20067FB00;
			remoteInfo = BullyMac;
		};
		FD76560F15C9D65800A3D10A /* PBXContainerItemProxy */ = {
			isa = PBXContainerItemProxy;
			containerPortal = FD764FD715C9D52E00A3D10A /* Bully.xcodeproj */;
			proxyType = 1;
			remoteGlobalIDString = B2587E4A1579E740009D7B44;
			remoteInfo = Bully;
		};
		FD76568915C9ED0C00A3D10A /* PBXContainerItemProxy */ = {
			isa = PBXContainerItemProxy;
			containerPortal = B244407C15BE53DC00D4D4CA /* Project object */;
			proxyType = 1;
			remoteGlobalIDString = B244408415BE53DC00D4D4CA;
			remoteInfo = InsiderPagesKit;
		};
/* End PBXContainerItemProxy section */

/* Begin PBXCopyFilesBuildPhase section */
		B244408315BE53DC00D4D4CA /* CopyFiles */ = {
			isa = PBXCopyFilesBuildPhase;
			buildActionMask = 2147483647;
			dstPath = "include/${PRODUCT_NAME}";
			dstSubfolderSpec = 16;
			files = (
				FD260E1415CC4F160002C801 /* InsiderPages.xcdatamodeld in CopyFiles */,
			);
			runOnlyForDeploymentPostprocessing = 0;
		};
/* End PBXCopyFilesBuildPhase section */

/* Begin PBXFileReference section */
		B244408515BE53DC00D4D4CA /* libInsiderPagesKit.a */ = {isa = PBXFileReference; explicitFileType = archive.ar; includeInIndex = 0; path = libInsiderPagesKit.a; sourceTree = BUILT_PRODUCTS_DIR; };
		B244408815BE53DC00D4D4CA /* Foundation.framework */ = {isa = PBXFileReference; lastKnownFileType = wrapper.framework; name = Foundation.framework; path = System/Library/Frameworks/Foundation.framework; sourceTree = SDKROOT; };
		B2D8D59015BF7EE600A61836 /* InsiderPagesKit.framework */ = {isa = PBXFileReference; explicitFileType = wrapper.framework; includeInIndex = 0; path = InsiderPagesKit.framework; sourceTree = BUILT_PRODUCTS_DIR; };
		B2D8D60115BF808200A61836 /* Security.framework */ = {isa = PBXFileReference; lastKnownFileType = wrapper.framework; name = Security.framework; path = Platforms/MacOSX.platform/Developer/SDKs/MacOSX10.8.sdk/System/Library/Frameworks/Security.framework; sourceTree = DEVELOPER_DIR; };
		B2D8D60315BF808800A61836 /* SystemConfiguration.framework */ = {isa = PBXFileReference; lastKnownFileType = wrapper.framework; name = SystemConfiguration.framework; path = Platforms/MacOSX.platform/Developer/SDKs/MacOSX10.8.sdk/System/Library/Frameworks/SystemConfiguration.framework; sourceTree = DEVELOPER_DIR; };
		B2D8D60515BF808E00A61836 /* libicucore.dylib */ = {isa = PBXFileReference; lastKnownFileType = "compiled.mach-o.dylib"; name = libicucore.dylib; path = Platforms/MacOSX.platform/Developer/SDKs/MacOSX10.8.sdk/usr/lib/libicucore.dylib; sourceTree = DEVELOPER_DIR; };
		B2D8D60715BF809300A61836 /* CoreData.framework */ = {isa = PBXFileReference; lastKnownFileType = wrapper.framework; name = CoreData.framework; path = Platforms/MacOSX.platform/Developer/SDKs/MacOSX10.8.sdk/System/Library/Frameworks/CoreData.framework; sourceTree = DEVELOPER_DIR; };
		B2D8D60915BF809700A61836 /* CoreText.framework */ = {isa = PBXFileReference; lastKnownFileType = wrapper.framework; name = CoreText.framework; path = Platforms/MacOSX.platform/Developer/SDKs/MacOSX10.8.sdk/System/Library/Frameworks/CoreText.framework; sourceTree = DEVELOPER_DIR; };
		FD260E1615CC90AE0002C801 /* NSRunLoop+TimeOutAndFlag.h */ = {isa = PBXFileReference; fileEncoding = 4; lastKnownFileType = sourcecode.c.h; path = "NSRunLoop+TimeOutAndFlag.h"; sourceTree = "<group>"; };
		FD260E1715CC90AE0002C801 /* NSRunLoop+TimeOutAndFlag.m */ = {isa = PBXFileReference; fileEncoding = 4; lastKnownFileType = sourcecode.c.objc; path = "NSRunLoop+TimeOutAndFlag.m"; sourceTree = "<group>"; };
		FD32632615D077780050F394 /* NSMutableDictionary+InsiderPagesKit.h */ = {isa = PBXFileReference; fileEncoding = 4; lastKnownFileType = sourcecode.c.h; path = "NSMutableDictionary+InsiderPagesKit.h"; sourceTree = "<group>"; };
		FD32632715D077780050F394 /* NSMutableDictionary+InsiderPagesKit.m */ = {isa = PBXFileReference; fileEncoding = 4; lastKnownFileType = sourcecode.c.objc; path = "NSMutableDictionary+InsiderPagesKit.m"; sourceTree = "<group>"; };
		FD764B9015C9CADE00A3D10A /* IPKDefines.h */ = {isa = PBXFileReference; fileEncoding = 4; lastKnownFileType = sourcecode.c.h; path = IPKDefines.h; sourceTree = "<group>"; };
		FD764B9115C9CADE00A3D10A /* IPKDefines.m */ = {isa = PBXFileReference; fileEncoding = 4; lastKnownFileType = sourcecode.c.objc; path = IPKDefines.m; sourceTree = "<group>"; };
		FD764B9215C9CADE00A3D10A /* IPKHTTPClient.h */ = {isa = PBXFileReference; fileEncoding = 4; lastKnownFileType = sourcecode.c.h; path = IPKHTTPClient.h; sourceTree = "<group>"; };
		FD764B9315C9CADE00A3D10A /* IPKHTTPClient.m */ = {isa = PBXFileReference; fileEncoding = 4; lastKnownFileType = sourcecode.c.objc; path = IPKHTTPClient.m; sourceTree = "<group>"; };
		FD764B9615C9CADE00A3D10A /* IPKPushController.h */ = {isa = PBXFileReference; fileEncoding = 4; lastKnownFileType = sourcecode.c.h; path = IPKPushController.h; sourceTree = "<group>"; };
		FD764B9715C9CADE00A3D10A /* IPKPushController.m */ = {isa = PBXFileReference; fileEncoding = 4; lastKnownFileType = sourcecode.c.objc; path = IPKPushController.m; sourceTree = "<group>"; };
		FD764B9815C9CADE00A3D10A /* IPKRemoteManagedObject.h */ = {isa = PBXFileReference; fileEncoding = 4; lastKnownFileType = sourcecode.c.h; path = IPKRemoteManagedObject.h; sourceTree = "<group>"; };
		FD764B9915C9CADE00A3D10A /* IPKRemoteManagedObject.m */ = {isa = PBXFileReference; fileEncoding = 4; lastKnownFileType = sourcecode.c.objc; path = IPKRemoteManagedObject.m; sourceTree = "<group>"; };
		FD764BA015C9CADE00A3D10A /* InsiderPagesKit.h */ = {isa = PBXFileReference; fileEncoding = 4; lastKnownFileType = sourcecode.c.h; path = InsiderPagesKit.h; sourceTree = "<group>"; };
		FD764BA115C9CADE00A3D10A /* NSDictionary+InsiderPagesKit.h */ = {isa = PBXFileReference; fileEncoding = 4; lastKnownFileType = sourcecode.c.h; path = "NSDictionary+InsiderPagesKit.h"; sourceTree = "<group>"; };
		FD764BA215C9CADE00A3D10A /* NSDictionary+InsiderPagesKit.m */ = {isa = PBXFileReference; fileEncoding = 4; lastKnownFileType = sourcecode.c.objc; path = "NSDictionary+InsiderPagesKit.m"; sourceTree = "<group>"; };
		FD764BA315C9CADE00A3D10A /* NSString+InsiderPagesKit.h */ = {isa = PBXFileReference; fileEncoding = 4; lastKnownFileType = sourcecode.c.h; path = "NSString+InsiderPagesKit.h"; sourceTree = "<group>"; };
		FD764BA415C9CADE00A3D10A /* NSString+InsiderPagesKit.m */ = {isa = PBXFileReference; fileEncoding = 4; lastKnownFileType = sourcecode.c.objc; path = "NSString+InsiderPagesKit.m"; sourceTree = "<group>"; };
		FD764CE715C9CB1400A3D10A /* Cocoa.framework */ = {isa = PBXFileReference; lastKnownFileType = wrapper.framework; name = Cocoa.framework; path = Platforms/MacOSX.platform/Developer/SDKs/MacOSX10.8.sdk/System/Library/Frameworks/Cocoa.framework; sourceTree = DEVELOPER_DIR; };
		FD764DFD15C9CBBE00A3D10A /* InsiderPagesKitMac-Info.plist */ = {isa = PBXFileReference; fileEncoding = 4; lastKnownFileType = text.plist.xml; path = "InsiderPagesKitMac-Info.plist"; sourceTree = "<group>"; };
		FD764F2915C9CEA100A3D10A /* InsiderPages.xcdatamodel */ = {isa = PBXFileReference; lastKnownFileType = wrapper.xcdatamodel; path = InsiderPages.xcdatamodel; sourceTree = "<group>"; };
		FD764F6B15C9D52E00A3D10A /* AFIncrementalStore.h */ = {isa = PBXFileReference; fileEncoding = 4; lastKnownFileType = sourcecode.c.h; path = AFIncrementalStore.h; sourceTree = "<group>"; };
		FD764F6C15C9D52E00A3D10A /* AFIncrementalStore.m */ = {isa = PBXFileReference; fileEncoding = 4; lastKnownFileType = sourcecode.c.objc; path = AFIncrementalStore.m; sourceTree = "<group>"; };
		FD764F6D15C9D52E00A3D10A /* AFRESTClient.h */ = {isa = PBXFileReference; fileEncoding = 4; lastKnownFileType = sourcecode.c.h; path = AFRESTClient.h; sourceTree = "<group>"; };
		FD764F6E15C9D52E00A3D10A /* AFRESTClient.m */ = {isa = PBXFileReference; fileEncoding = 4; lastKnownFileType = sourcecode.c.objc; path = AFRESTClient.m; sourceTree = "<group>"; };
		FD764F7215C9D52E00A3D10A /* AFHTTPClient.h */ = {isa = PBXFileReference; fileEncoding = 4; lastKnownFileType = sourcecode.c.h; path = AFHTTPClient.h; sourceTree = "<group>"; };
		FD764F7315C9D52E00A3D10A /* AFHTTPClient.m */ = {isa = PBXFileReference; fileEncoding = 4; lastKnownFileType = sourcecode.c.objc; path = AFHTTPClient.m; sourceTree = "<group>"; };
		FD764F7415C9D52E00A3D10A /* AFHTTPRequestOperation.h */ = {isa = PBXFileReference; fileEncoding = 4; lastKnownFileType = sourcecode.c.h; path = AFHTTPRequestOperation.h; sourceTree = "<group>"; };
		FD764F7515C9D52E00A3D10A /* AFHTTPRequestOperation.m */ = {isa = PBXFileReference; fileEncoding = 4; lastKnownFileType = sourcecode.c.objc; path = AFHTTPRequestOperation.m; sourceTree = "<group>"; };
		FD764F7615C9D52E00A3D10A /* AFImageRequestOperation.h */ = {isa = PBXFileReference; fileEncoding = 4; lastKnownFileType = sourcecode.c.h; path = AFImageRequestOperation.h; sourceTree = "<group>"; };
		FD764F7715C9D52E00A3D10A /* AFImageRequestOperation.m */ = {isa = PBXFileReference; fileEncoding = 4; lastKnownFileType = sourcecode.c.objc; path = AFImageRequestOperation.m; sourceTree = "<group>"; };
		FD764F7815C9D52E00A3D10A /* AFJSONRequestOperation.h */ = {isa = PBXFileReference; fileEncoding = 4; lastKnownFileType = sourcecode.c.h; path = AFJSONRequestOperation.h; sourceTree = "<group>"; };
		FD764F7915C9D52E00A3D10A /* AFJSONRequestOperation.m */ = {isa = PBXFileReference; fileEncoding = 4; lastKnownFileType = sourcecode.c.objc; path = AFJSONRequestOperation.m; sourceTree = "<group>"; };
		FD764F7A15C9D52E00A3D10A /* AFJSONUtilities.h */ = {isa = PBXFileReference; fileEncoding = 4; lastKnownFileType = sourcecode.c.h; path = AFJSONUtilities.h; sourceTree = "<group>"; };
		FD764F7B15C9D52E00A3D10A /* AFJSONUtilities.m */ = {isa = PBXFileReference; fileEncoding = 4; lastKnownFileType = sourcecode.c.objc; path = AFJSONUtilities.m; sourceTree = "<group>"; };
		FD764F7C15C9D52E00A3D10A /* AFNetworkActivityIndicatorManager.h */ = {isa = PBXFileReference; fileEncoding = 4; lastKnownFileType = sourcecode.c.h; path = AFNetworkActivityIndicatorManager.h; sourceTree = "<group>"; };
		FD764F7D15C9D52E00A3D10A /* AFNetworkActivityIndicatorManager.m */ = {isa = PBXFileReference; fileEncoding = 4; lastKnownFileType = sourcecode.c.objc; path = AFNetworkActivityIndicatorManager.m; sourceTree = "<group>"; };
		FD764F7E15C9D52E00A3D10A /* AFNetworking.h */ = {isa = PBXFileReference; fileEncoding = 4; lastKnownFileType = sourcecode.c.h; path = AFNetworking.h; sourceTree = "<group>"; };
		FD764F7F15C9D52E00A3D10A /* AFPropertyListRequestOperation.h */ = {isa = PBXFileReference; fileEncoding = 4; lastKnownFileType = sourcecode.c.h; path = AFPropertyListRequestOperation.h; sourceTree = "<group>"; };
		FD764F8015C9D52E00A3D10A /* AFPropertyListRequestOperation.m */ = {isa = PBXFileReference; fileEncoding = 4; lastKnownFileType = sourcecode.c.objc; path = AFPropertyListRequestOperation.m; sourceTree = "<group>"; };
		FD764F8115C9D52E00A3D10A /* AFURLConnectionOperation.h */ = {isa = PBXFileReference; fileEncoding = 4; lastKnownFileType = sourcecode.c.h; path = AFURLConnectionOperation.h; sourceTree = "<group>"; };
		FD764F8215C9D52E00A3D10A /* AFURLConnectionOperation.m */ = {isa = PBXFileReference; fileEncoding = 4; lastKnownFileType = sourcecode.c.objc; path = AFURLConnectionOperation.m; sourceTree = "<group>"; };
		FD764F8315C9D52E00A3D10A /* AFXMLRequestOperation.h */ = {isa = PBXFileReference; fileEncoding = 4; lastKnownFileType = sourcecode.c.h; path = AFXMLRequestOperation.h; sourceTree = "<group>"; };
		FD764F8415C9D52E00A3D10A /* AFXMLRequestOperation.m */ = {isa = PBXFileReference; fileEncoding = 4; lastKnownFileType = sourcecode.c.objc; path = AFXMLRequestOperation.m; sourceTree = "<group>"; };
		FD764F8515C9D52E00A3D10A /* UIImageView+AFNetworking.h */ = {isa = PBXFileReference; fileEncoding = 4; lastKnownFileType = sourcecode.c.h; path = "UIImageView+AFNetworking.h"; sourceTree = "<group>"; };
		FD764F8615C9D52E00A3D10A /* UIImageView+AFNetworking.m */ = {isa = PBXFileReference; fileEncoding = 4; lastKnownFileType = sourcecode.c.objc; path = "UIImageView+AFNetworking.m"; sourceTree = "<group>"; };
		FD764FD715C9D52E00A3D10A /* Bully.xcodeproj */ = {isa = PBXFileReference; lastKnownFileType = "wrapper.pb-project"; path = Bully.xcodeproj; sourceTree = "<group>"; };
		FD76548215C9D53200A3D10A /* Reachability.h */ = {isa = PBXFileReference; fileEncoding = 4; lastKnownFileType = sourcecode.c.h; path = Reachability.h; sourceTree = "<group>"; };
		FD76548315C9D53200A3D10A /* Reachability.m */ = {isa = PBXFileReference; fileEncoding = 4; lastKnownFileType = sourcecode.c.objc; path = Reachability.m; sourceTree = "<group>"; };
		FD76548715C9D53200A3D10A /* NSManagedObjectContext+SSDataKitAdditions.h */ = {isa = PBXFileReference; fileEncoding = 4; lastKnownFileType = sourcecode.c.h; path = "NSManagedObjectContext+SSDataKitAdditions.h"; sourceTree = "<group>"; };
		FD76548815C9D53200A3D10A /* NSManagedObjectContext+SSDataKitAdditions.m */ = {isa = PBXFileReference; fileEncoding = 4; lastKnownFileType = sourcecode.c.objc; path = "NSManagedObjectContext+SSDataKitAdditions.m"; sourceTree = "<group>"; };
		FD76548915C9D53200A3D10A /* Readme.markdown */ = {isa = PBXFileReference; fileEncoding = 4; lastKnownFileType = text; path = Readme.markdown; sourceTree = "<group>"; };
		FD76548A15C9D53200A3D10A /* SSDataKit.h */ = {isa = PBXFileReference; fileEncoding = 4; lastKnownFileType = sourcecode.c.h; path = SSDataKit.h; sourceTree = "<group>"; };
		FD76548B15C9D53200A3D10A /* SSFilterableFetchedResultsController.h */ = {isa = PBXFileReference; fileEncoding = 4; lastKnownFileType = sourcecode.c.h; path = SSFilterableFetchedResultsController.h; sourceTree = "<group>"; };
		FD76548C15C9D53200A3D10A /* SSFilterableFetchedResultsController.m */ = {isa = PBXFileReference; fileEncoding = 4; lastKnownFileType = sourcecode.c.objc; path = SSFilterableFetchedResultsController.m; sourceTree = "<group>"; };
		FD76548D15C9D53200A3D10A /* SSFilteredResultsFilter.h */ = {isa = PBXFileReference; fileEncoding = 4; lastKnownFileType = sourcecode.c.h; path = SSFilteredResultsFilter.h; sourceTree = "<group>"; };
		FD76548E15C9D53200A3D10A /* SSFilteredResultsFilter.m */ = {isa = PBXFileReference; fileEncoding = 4; lastKnownFileType = sourcecode.c.objc; path = SSFilteredResultsFilter.m; sourceTree = "<group>"; };
		FD76548F15C9D53200A3D10A /* SSFilteredResultsSection.h */ = {isa = PBXFileReference; fileEncoding = 4; lastKnownFileType = sourcecode.c.h; path = SSFilteredResultsSection.h; sourceTree = "<group>"; };
		FD76549015C9D53200A3D10A /* SSFilteredResultsSection.m */ = {isa = PBXFileReference; fileEncoding = 4; lastKnownFileType = sourcecode.c.objc; path = SSFilteredResultsSection.m; sourceTree = "<group>"; };
		FD76549115C9D53200A3D10A /* SSManagedObject.h */ = {isa = PBXFileReference; fileEncoding = 4; lastKnownFileType = sourcecode.c.h; path = SSManagedObject.h; sourceTree = "<group>"; };
		FD76549215C9D53200A3D10A /* SSManagedObject.m */ = {isa = PBXFileReference; fileEncoding = 4; lastKnownFileType = sourcecode.c.objc; path = SSManagedObject.m; sourceTree = "<group>"; };
		FD76549315C9D53200A3D10A /* SSManagedTableViewController.h */ = {isa = PBXFileReference; fileEncoding = 4; lastKnownFileType = sourcecode.c.h; path = SSManagedTableViewController.h; sourceTree = "<group>"; };
		FD76549415C9D53200A3D10A /* SSManagedTableViewController.m */ = {isa = PBXFileReference; fileEncoding = 4; lastKnownFileType = sourcecode.c.objc; path = SSManagedTableViewController.m; sourceTree = "<group>"; };
		FD76549515C9D53200A3D10A /* SSManagedViewController.h */ = {isa = PBXFileReference; fileEncoding = 4; lastKnownFileType = sourcecode.c.h; path = SSManagedViewController.h; sourceTree = "<group>"; };
		FD76549615C9D53200A3D10A /* SSManagedViewController.m */ = {isa = PBXFileReference; fileEncoding = 4; lastKnownFileType = sourcecode.c.objc; path = SSManagedViewController.m; sourceTree = "<group>"; };
		FD76549715C9D53200A3D10A /* SSRemoteManagedObject.h */ = {isa = PBXFileReference; fileEncoding = 4; lastKnownFileType = sourcecode.c.h; path = SSRemoteManagedObject.h; sourceTree = "<group>"; };
		FD76549815C9D53200A3D10A /* SSRemoteManagedObject.m */ = {isa = PBXFileReference; fileEncoding = 4; lastKnownFileType = sourcecode.c.objc; path = SSRemoteManagedObject.m; sourceTree = "<group>"; };
		FD76549A15C9D53200A3D10A /* .gitignore */ = {isa = PBXFileReference; fileEncoding = 4; lastKnownFileType = text; path = .gitignore; sourceTree = "<group>"; };
		FD76549B15C9D53200A3D10A /* Changelog.markdown */ = {isa = PBXFileReference; fileEncoding = 4; lastKnownFileType = text; path = Changelog.markdown; sourceTree = "<group>"; };
		FD76549C15C9D53200A3D10A /* LICENSE */ = {isa = PBXFileReference; fileEncoding = 4; lastKnownFileType = text; path = LICENSE; sourceTree = "<group>"; };
		FD76549D15C9D53200A3D10A /* Rakefile */ = {isa = PBXFileReference; fileEncoding = 4; lastKnownFileType = text; path = Rakefile; sourceTree = "<group>"; };
		FD76549E15C9D53200A3D10A /* Readme.markdown */ = {isa = PBXFileReference; fileEncoding = 4; lastKnownFileType = text; path = Readme.markdown; sourceTree = "<group>"; };
		FD76549F15C9D53200A3D10A /* SSKeychain.h */ = {isa = PBXFileReference; fileEncoding = 4; lastKnownFileType = sourcecode.c.h; path = SSKeychain.h; sourceTree = "<group>"; };
		FD7654A015C9D53200A3D10A /* SSKeychain.m */ = {isa = PBXFileReference; fileEncoding = 4; lastKnownFileType = sourcecode.c.objc; path = SSKeychain.m; sourceTree = "<group>"; };
		FD7654A115C9D53200A3D10A /* SSKeychain.podspec */ = {isa = PBXFileReference; fileEncoding = 4; lastKnownFileType = text; path = SSKeychain.podspec; sourceTree = "<group>"; };
		FD7654A315C9D53200A3D10A /* SSKeychain.xcodeproj */ = {isa = PBXFileReference; lastKnownFileType = "wrapper.pb-project"; path = SSKeychain.xcodeproj; sourceTree = "<group>"; };
		FD7654A615C9D53200A3D10A /* SSKeychainTests-Info.plist */ = {isa = PBXFileReference; fileEncoding = 4; lastKnownFileType = text.plist.xml; path = "SSKeychainTests-Info.plist"; sourceTree = "<group>"; };
		FD7654A715C9D53200A3D10A /* SSKeychainTests.m */ = {isa = PBXFileReference; fileEncoding = 4; lastKnownFileType = sourcecode.c.objc; path = SSKeychainTests.m; sourceTree = "<group>"; };
		FD7654A815C9D53200A3D10A /* SSKeychainTestsARC-Info.plist */ = {isa = PBXFileReference; fileEncoding = 4; lastKnownFileType = text.plist.xml; path = "SSKeychainTestsARC-Info.plist"; sourceTree = "<group>"; };
		FD7654A915C9D53200A3D10A /* VERSION */ = {isa = PBXFileReference; fileEncoding = 4; lastKnownFileType = text; path = VERSION; sourceTree = "<group>"; };
		FD76561C15C9D6FF00A3D10A /* InsiderPagesKitTests.octest */ = {isa = PBXFileReference; explicitFileType = wrapper.cfbundle; includeInIndex = 0; path = InsiderPagesKitTests.octest; sourceTree = BUILT_PRODUCTS_DIR; };
		FD76561D15C9D6FF00A3D10A /* SenTestingKit.framework */ = {isa = PBXFileReference; lastKnownFileType = wrapper.framework; name = SenTestingKit.framework; path = Library/Frameworks/SenTestingKit.framework; sourceTree = DEVELOPER_DIR; };
		FD76561F15C9D6FF00A3D10A /* UIKit.framework */ = {isa = PBXFileReference; lastKnownFileType = wrapper.framework; name = UIKit.framework; path = Library/Frameworks/UIKit.framework; sourceTree = DEVELOPER_DIR; };
		FD76562415C9D6FF00A3D10A /* InsiderPagesKitTests-Info.plist */ = {isa = PBXFileReference; lastKnownFileType = text.plist.xml; path = "InsiderPagesKitTests-Info.plist"; sourceTree = "<group>"; };
		FD76562615C9D6FF00A3D10A /* en */ = {isa = PBXFileReference; lastKnownFileType = text.plist.strings; name = en; path = en.lproj/InfoPlist.strings; sourceTree = "<group>"; };
		FD76562815C9D70000A3D10A /* InsiderPagesKitTests.h */ = {isa = PBXFileReference; lastKnownFileType = sourcecode.c.h; path = InsiderPagesKitTests.h; sourceTree = "<group>"; };
		FD76562915C9D70000A3D10A /* InsiderPagesKitTests.m */ = {isa = PBXFileReference; lastKnownFileType = sourcecode.c.objc; path = InsiderPagesKitTests.m; sourceTree = "<group>"; };
		FD76562B15C9D70000A3D10A /* InsiderPagesKitTests-Prefix.pch */ = {isa = PBXFileReference; lastKnownFileType = sourcecode.c.h; path = "InsiderPagesKitTests-Prefix.pch"; sourceTree = "<group>"; };
		FD76568215C9E80100A3D10A /* CoreData.framework */ = {isa = PBXFileReference; lastKnownFileType = wrapper.framework; name = CoreData.framework; path = System/Library/Frameworks/CoreData.framework; sourceTree = SDKROOT; };
		FD76568D15C9F0CC00A3D10A /* UIKit.framework */ = {isa = PBXFileReference; lastKnownFileType = wrapper.framework; name = UIKit.framework; path = System/Library/Frameworks/UIKit.framework; sourceTree = SDKROOT; };
		FD76568F15C9F0D100A3D10A /* Security.framework */ = {isa = PBXFileReference; lastKnownFileType = wrapper.framework; name = Security.framework; path = System/Library/Frameworks/Security.framework; sourceTree = SDKROOT; };
		FD76569E15CA052F00A3D10A /* IPKQueryModel.h */ = {isa = PBXFileReference; fileEncoding = 4; lastKnownFileType = sourcecode.c.h; path = IPKQueryModel.h; sourceTree = "<group>"; };
		FD76569F15CA053000A3D10A /* IPKQueryModel.m */ = {isa = PBXFileReference; fileEncoding = 4; lastKnownFileType = sourcecode.c.objc; path = IPKQueryModel.m; sourceTree = "<group>"; };
		FD7656A415CAF2B500A3D10A /* IPKList.h */ = {isa = PBXFileReference; fileEncoding = 4; lastKnownFileType = sourcecode.c.h; path = IPKList.h; sourceTree = "<group>"; };
		FD7656A515CAF2B500A3D10A /* IPKList.m */ = {isa = PBXFileReference; fileEncoding = 4; lastKnownFileType = sourcecode.c.objc; path = IPKList.m; sourceTree = "<group>"; };
		FD7656AA15CAF2B500A3D10A /* IPKTag.h */ = {isa = PBXFileReference; fileEncoding = 4; lastKnownFileType = sourcecode.c.h; path = IPKTag.h; sourceTree = "<group>"; };
		FD7656AB15CAF2B500A3D10A /* IPKTag.m */ = {isa = PBXFileReference; fileEncoding = 4; lastKnownFileType = sourcecode.c.objc; path = IPKTag.m; sourceTree = "<group>"; };
		FD7656AC15CAF2B500A3D10A /* IPKTask.h */ = {isa = PBXFileReference; fileEncoding = 4; lastKnownFileType = sourcecode.c.h; path = IPKTask.h; sourceTree = "<group>"; };
		FD7656AD15CAF2B500A3D10A /* IPKTask.m */ = {isa = PBXFileReference; fileEncoding = 4; lastKnownFileType = sourcecode.c.objc; path = IPKTask.m; sourceTree = "<group>"; };
		FD7656AE15CAF2B500A3D10A /* IPKUser.h */ = {isa = PBXFileReference; fileEncoding = 4; lastKnownFileType = sourcecode.c.h; path = IPKUser.h; sourceTree = "<group>"; };
		FD7656AF15CAF2B500A3D10A /* IPKUser.m */ = {isa = PBXFileReference; fileEncoding = 4; lastKnownFileType = sourcecode.c.objc; path = IPKUser.m; sourceTree = "<group>"; };
		FD7656C715CB833A00A3D10A /* IPKNotification.h */ = {isa = PBXFileReference; fileEncoding = 4; lastKnownFileType = sourcecode.c.h; path = IPKNotification.h; sourceTree = "<group>"; };
		FD7656C815CB833B00A3D10A /* IPKNotification.m */ = {isa = PBXFileReference; fileEncoding = 4; lastKnownFileType = sourcecode.c.objc; path = IPKNotification.m; sourceTree = "<group>"; };
		FD7656CC15CB833C00A3D10A /* IPKPage.h */ = {isa = PBXFileReference; fileEncoding = 4; lastKnownFileType = sourcecode.c.h; path = IPKPage.h; sourceTree = "<group>"; };
		FD7656CD15CB833D00A3D10A /* IPKPage.m */ = {isa = PBXFileReference; fileEncoding = 4; lastKnownFileType = sourcecode.c.objc; path = IPKPage.m; sourceTree = "<group>"; };
		FD7656D615CB833F00A3D10A /* IPKProvider.h */ = {isa = PBXFileReference; fileEncoding = 4; lastKnownFileType = sourcecode.c.h; path = IPKProvider.h; sourceTree = "<group>"; };
		FD7656D715CB833F00A3D10A /* IPKProvider.m */ = {isa = PBXFileReference; fileEncoding = 4; lastKnownFileType = sourcecode.c.objc; path = IPKProvider.m; sourceTree = "<group>"; };
		FD7656DB15CB834000A3D10A /* IPKActivity.h */ = {isa = PBXFileReference; fileEncoding = 4; lastKnownFileType = sourcecode.c.h; path = IPKActivity.h; sourceTree = "<group>"; };
		FD7656DC15CB834100A3D10A /* IPKActivity.m */ = {isa = PBXFileReference; fileEncoding = 4; lastKnownFileType = sourcecode.c.objc; path = IPKActivity.m; sourceTree = "<group>"; };
/* End PBXFileReference section */

/* Begin PBXFrameworksBuildPhase section */
		B244408215BE53DC00D4D4CA /* Frameworks */ = {
			isa = PBXFrameworksBuildPhase;
			buildActionMask = 2147483647;
			files = (
				FD76561115C9D65C00A3D10A /* libBully.a in Frameworks */,
				B244408915BE53DC00D4D4CA /* Foundation.framework in Frameworks */,
			);
			runOnlyForDeploymentPostprocessing = 0;
		};
		B2D8D58C15BF7EE600A61836 /* Frameworks */ = {
			isa = PBXFrameworksBuildPhase;
			buildActionMask = 2147483647;
			files = (
				FD76560E15C9D5D300A3D10A /* Bully.framework in Frameworks */,
				FD764CE815C9CB1400A3D10A /* Cocoa.framework in Frameworks */,
				B2D8D60A15BF809700A61836 /* CoreText.framework in Frameworks */,
				B2D8D60815BF809300A61836 /* CoreData.framework in Frameworks */,
				B2D8D60615BF808E00A61836 /* libicucore.dylib in Frameworks */,
				B2D8D60415BF808800A61836 /* SystemConfiguration.framework in Frameworks */,
				B2D8D60215BF808200A61836 /* Security.framework in Frameworks */,
			);
			runOnlyForDeploymentPostprocessing = 0;
		};
		FD76561815C9D6FF00A3D10A /* Frameworks */ = {
			isa = PBXFrameworksBuildPhase;
			buildActionMask = 2147483647;
			files = (
				FD76569015C9F0D200A3D10A /* Security.framework in Frameworks */,
				FD76568E15C9F0CC00A3D10A /* UIKit.framework in Frameworks */,
				FD76568C15C9F0C000A3D10A /* CoreData.framework in Frameworks */,
				FD76568B15C9ED1100A3D10A /* libInsiderPagesKit.a in Frameworks */,
				FD76561E15C9D6FF00A3D10A /* SenTestingKit.framework in Frameworks */,
				FD76562115C9D6FF00A3D10A /* Foundation.framework in Frameworks */,
			);
			runOnlyForDeploymentPostprocessing = 0;
		};
/* End PBXFrameworksBuildPhase section */

/* Begin PBXGroup section */
		B244407A15BE53DC00D4D4CA = {
			isa = PBXGroup;
			children = (
				FD76568F15C9F0D100A3D10A /* Security.framework */,
				FD76568D15C9F0CC00A3D10A /* UIKit.framework */,
				FD76568215C9E80100A3D10A /* CoreData.framework */,
				FD764CE715C9CB1400A3D10A /* Cocoa.framework */,
				FD764B8F15C9CADE00A3D10A /* InsiderPagesKit */,
				FD76562215C9D6FF00A3D10A /* InsiderPagesKitTests */,
				B244408715BE53DC00D4D4CA /* Frameworks */,
				B244408615BE53DC00D4D4CA /* Products */,
			);
			sourceTree = "<group>";
		};
		B244408615BE53DC00D4D4CA /* Products */ = {
			isa = PBXGroup;
			children = (
				B244408515BE53DC00D4D4CA /* libInsiderPagesKit.a */,
				B2D8D59015BF7EE600A61836 /* InsiderPagesKit.framework */,
				FD76561C15C9D6FF00A3D10A /* InsiderPagesKitTests.octest */,
			);
			name = Products;
			sourceTree = "<group>";
		};
		B244408715BE53DC00D4D4CA /* Frameworks */ = {
			isa = PBXGroup;
			children = (
				B2D8D60915BF809700A61836 /* CoreText.framework */,
				B2D8D60715BF809300A61836 /* CoreData.framework */,
				B2D8D60515BF808E00A61836 /* libicucore.dylib */,
				B2D8D60315BF808800A61836 /* SystemConfiguration.framework */,
				B2D8D60115BF808200A61836 /* Security.framework */,
				B244408815BE53DC00D4D4CA /* Foundation.framework */,
				FD76561D15C9D6FF00A3D10A /* SenTestingKit.framework */,
				FD76561F15C9D6FF00A3D10A /* UIKit.framework */,
			);
			name = Frameworks;
			sourceTree = "<group>";
		};
		FD764B8F15C9CADE00A3D10A /* InsiderPagesKit */ = {
			isa = PBXGroup;
			children = (
				FD764DF915C9CBBE00A3D10A /* Other Sources */,
				FD7656A315CAF2B400A3D10A /* Models */,
				FD764F6715C9D52E00A3D10A /* Vendor */,
				FD764B9015C9CADE00A3D10A /* IPKDefines.h */,
				FD764B9115C9CADE00A3D10A /* IPKDefines.m */,
				FD764B9215C9CADE00A3D10A /* IPKHTTPClient.h */,
				FD764B9315C9CADE00A3D10A /* IPKHTTPClient.m */,
				FD764B9615C9CADE00A3D10A /* IPKPushController.h */,
				FD764B9715C9CADE00A3D10A /* IPKPushController.m */,
				FD764B9815C9CADE00A3D10A /* IPKRemoteManagedObject.h */,
				FD764B9915C9CADE00A3D10A /* IPKRemoteManagedObject.m */,
				FD764BA015C9CADE00A3D10A /* InsiderPagesKit.h */,
				FD764BA115C9CADE00A3D10A /* NSDictionary+InsiderPagesKit.h */,
				FD764BA215C9CADE00A3D10A /* NSDictionary+InsiderPagesKit.m */,
				FD32632615D077780050F394 /* NSMutableDictionary+InsiderPagesKit.h */,
				FD32632715D077780050F394 /* NSMutableDictionary+InsiderPagesKit.m */,
				FD764BA315C9CADE00A3D10A /* NSString+InsiderPagesKit.h */,
				FD764BA415C9CADE00A3D10A /* NSString+InsiderPagesKit.m */,
				FD76569E15CA052F00A3D10A /* IPKQueryModel.h */,
				FD76569F15CA053000A3D10A /* IPKQueryModel.m */,
			);
			path = InsiderPagesKit;
			sourceTree = "<group>";
		};
		FD764DF915C9CBBE00A3D10A /* Other Sources */ = {
			isa = PBXGroup;
			children = (
				FD764DFD15C9CBBE00A3D10A /* InsiderPagesKitMac-Info.plist */,
				FD764F2815C9CEA100A3D10A /* InsiderPages.xcdatamodeld */,
			);
			name = "Other Sources";
			path = "../Other Sources";
			sourceTree = "<group>";
		};
		FD764F6715C9D52E00A3D10A /* Vendor */ = {
			isa = PBXGroup;
			children = (
				FD764F6815C9D52E00A3D10A /* AFIncrementalStore */,
				FD764FCB15C9D52E00A3D10A /* Bully */,
				FD76546015C9D53200A3D10A /* Reachability */,
				FD76548615C9D53200A3D10A /* SSDataKit */,
				FD76549915C9D53200A3D10A /* SSKeychain */,
			);
			path = Vendor;
			sourceTree = "<group>";
		};
		FD764F6815C9D52E00A3D10A /* AFIncrementalStore */ = {
			isa = PBXGroup;
			children = (
				FD764F6A15C9D52E00A3D10A /* AFIncrementalStore */,
				FD764F7015C9D52E00A3D10A /* AFNetworking */,
			);
			path = AFIncrementalStore;
			sourceTree = "<group>";
		};
		FD764F6A15C9D52E00A3D10A /* AFIncrementalStore */ = {
			isa = PBXGroup;
			children = (
				FD764F6B15C9D52E00A3D10A /* AFIncrementalStore.h */,
				FD764F6C15C9D52E00A3D10A /* AFIncrementalStore.m */,
				FD764F6D15C9D52E00A3D10A /* AFRESTClient.h */,
				FD764F6E15C9D52E00A3D10A /* AFRESTClient.m */,
			);
			path = AFIncrementalStore;
			sourceTree = "<group>";
		};
		FD764F7015C9D52E00A3D10A /* AFNetworking */ = {
			isa = PBXGroup;
			children = (
				FD764F7115C9D52E00A3D10A /* AFNetworking */,
			);
			path = AFNetworking;
			sourceTree = "<group>";
		};
		FD764F7115C9D52E00A3D10A /* AFNetworking */ = {
			isa = PBXGroup;
			children = (
				FD764F7215C9D52E00A3D10A /* AFHTTPClient.h */,
				FD764F7315C9D52E00A3D10A /* AFHTTPClient.m */,
				FD764F7415C9D52E00A3D10A /* AFHTTPRequestOperation.h */,
				FD764F7515C9D52E00A3D10A /* AFHTTPRequestOperation.m */,
				FD764F7615C9D52E00A3D10A /* AFImageRequestOperation.h */,
				FD764F7715C9D52E00A3D10A /* AFImageRequestOperation.m */,
				FD764F7815C9D52E00A3D10A /* AFJSONRequestOperation.h */,
				FD764F7915C9D52E00A3D10A /* AFJSONRequestOperation.m */,
				FD764F7A15C9D52E00A3D10A /* AFJSONUtilities.h */,
				FD764F7B15C9D52E00A3D10A /* AFJSONUtilities.m */,
				FD764F7C15C9D52E00A3D10A /* AFNetworkActivityIndicatorManager.h */,
				FD764F7D15C9D52E00A3D10A /* AFNetworkActivityIndicatorManager.m */,
				FD764F7E15C9D52E00A3D10A /* AFNetworking.h */,
				FD764F7F15C9D52E00A3D10A /* AFPropertyListRequestOperation.h */,
				FD764F8015C9D52E00A3D10A /* AFPropertyListRequestOperation.m */,
				FD764F8115C9D52E00A3D10A /* AFURLConnectionOperation.h */,
				FD764F8215C9D52E00A3D10A /* AFURLConnectionOperation.m */,
				FD764F8315C9D52E00A3D10A /* AFXMLRequestOperation.h */,
				FD764F8415C9D52E00A3D10A /* AFXMLRequestOperation.m */,
				FD764F8515C9D52E00A3D10A /* UIImageView+AFNetworking.h */,
				FD764F8615C9D52E00A3D10A /* UIImageView+AFNetworking.m */,
			);
			path = AFNetworking;
			sourceTree = "<group>";
		};
		FD764FCB15C9D52E00A3D10A /* Bully */ = {
			isa = PBXGroup;
			children = (
				FD764FD715C9D52E00A3D10A /* Bully.xcodeproj */,
			);
			path = Bully;
			sourceTree = "<group>";
		};
		FD764FD815C9D52E00A3D10A /* Products */ = {
			isa = PBXGroup;
			children = (
				FD7655EE15C9D53400A3D10A /* libBully.a */,
				FD7655F015C9D53400A3D10A /* Bully.framework */,
			);
			name = Products;
			sourceTree = "<group>";
		};
		FD76546015C9D53200A3D10A /* Reachability */ = {
			isa = PBXGroup;
			children = (
				FD76548215C9D53200A3D10A /* Reachability.h */,
				FD76548315C9D53200A3D10A /* Reachability.m */,
			);
			path = Reachability;
			sourceTree = "<group>";
		};
		FD76548615C9D53200A3D10A /* SSDataKit */ = {
			isa = PBXGroup;
			children = (
				FD76548715C9D53200A3D10A /* NSManagedObjectContext+SSDataKitAdditions.h */,
				FD76548815C9D53200A3D10A /* NSManagedObjectContext+SSDataKitAdditions.m */,
				FD76548915C9D53200A3D10A /* Readme.markdown */,
				FD76548A15C9D53200A3D10A /* SSDataKit.h */,
				FD76548B15C9D53200A3D10A /* SSFilterableFetchedResultsController.h */,
				FD76548C15C9D53200A3D10A /* SSFilterableFetchedResultsController.m */,
				FD76548D15C9D53200A3D10A /* SSFilteredResultsFilter.h */,
				FD76548E15C9D53200A3D10A /* SSFilteredResultsFilter.m */,
				FD76548F15C9D53200A3D10A /* SSFilteredResultsSection.h */,
				FD76549015C9D53200A3D10A /* SSFilteredResultsSection.m */,
				FD76549115C9D53200A3D10A /* SSManagedObject.h */,
				FD76549215C9D53200A3D10A /* SSManagedObject.m */,
				FD76549315C9D53200A3D10A /* SSManagedTableViewController.h */,
				FD76549415C9D53200A3D10A /* SSManagedTableViewController.m */,
				FD76549515C9D53200A3D10A /* SSManagedViewController.h */,
				FD76549615C9D53200A3D10A /* SSManagedViewController.m */,
				FD76549715C9D53200A3D10A /* SSRemoteManagedObject.h */,
				FD76549815C9D53200A3D10A /* SSRemoteManagedObject.m */,
			);
			path = SSDataKit;
			sourceTree = "<group>";
		};
		FD76549915C9D53200A3D10A /* SSKeychain */ = {
			isa = PBXGroup;
			children = (
				FD76549A15C9D53200A3D10A /* .gitignore */,
				FD76549B15C9D53200A3D10A /* Changelog.markdown */,
				FD76549C15C9D53200A3D10A /* LICENSE */,
				FD76549D15C9D53200A3D10A /* Rakefile */,
				FD76549E15C9D53200A3D10A /* Readme.markdown */,
				FD76549F15C9D53200A3D10A /* SSKeychain.h */,
				FD7654A015C9D53200A3D10A /* SSKeychain.m */,
				FD7654A115C9D53200A3D10A /* SSKeychain.podspec */,
				FD7654A215C9D53200A3D10A /* Tests */,
				FD7654A915C9D53200A3D10A /* VERSION */,
			);
			path = SSKeychain;
			sourceTree = "<group>";
		};
		FD7654A215C9D53200A3D10A /* Tests */ = {
			isa = PBXGroup;
			children = (
				FD7654A315C9D53200A3D10A /* SSKeychain.xcodeproj */,
				FD7654A615C9D53200A3D10A /* SSKeychainTests-Info.plist */,
				FD7654A715C9D53200A3D10A /* SSKeychainTests.m */,
				FD7654A815C9D53200A3D10A /* SSKeychainTestsARC-Info.plist */,
			);
			path = Tests;
			sourceTree = "<group>";
		};
		FD7654A415C9D53200A3D10A /* Products */ = {
			isa = PBXGroup;
			children = (
				FD76560915C9D53400A3D10A /* SSKeychainTests.octest */,
				FD76560B15C9D53400A3D10A /* SSKeychainTestsARC.octest */,
			);
			name = Products;
			sourceTree = "<group>";
		};
		FD76562215C9D6FF00A3D10A /* InsiderPagesKitTests */ = {
			isa = PBXGroup;
			children = (
				FD260E1615CC90AE0002C801 /* NSRunLoop+TimeOutAndFlag.h */,
				FD260E1715CC90AE0002C801 /* NSRunLoop+TimeOutAndFlag.m */,
				FD76562815C9D70000A3D10A /* InsiderPagesKitTests.h */,
				FD76562915C9D70000A3D10A /* InsiderPagesKitTests.m */,
				FD76562315C9D6FF00A3D10A /* Supporting Files */,
			);
			path = InsiderPagesKitTests;
			sourceTree = "<group>";
		};
		FD76562315C9D6FF00A3D10A /* Supporting Files */ = {
			isa = PBXGroup;
			children = (
				FD76562415C9D6FF00A3D10A /* InsiderPagesKitTests-Info.plist */,
				FD76562515C9D6FF00A3D10A /* InfoPlist.strings */,
				FD76562B15C9D70000A3D10A /* InsiderPagesKitTests-Prefix.pch */,
			);
			name = "Supporting Files";
			sourceTree = "<group>";
		};
		FD7656A315CAF2B400A3D10A /* Models */ = {
			isa = PBXGroup;
			children = (
				FD7656DB15CB834000A3D10A /* IPKActivity.h */,
				FD7656DC15CB834100A3D10A /* IPKActivity.m */,
				FD7656D615CB833F00A3D10A /* IPKProvider.h */,
				FD7656D715CB833F00A3D10A /* IPKProvider.m */,
				FD7656CC15CB833C00A3D10A /* IPKPage.h */,
				FD7656CD15CB833D00A3D10A /* IPKPage.m */,
				FD7656C715CB833A00A3D10A /* IPKNotification.h */,
				FD7656C815CB833B00A3D10A /* IPKNotification.m */,
				FD7656A415CAF2B500A3D10A /* IPKList.h */,
				FD7656A515CAF2B500A3D10A /* IPKList.m */,
				FD7656AA15CAF2B500A3D10A /* IPKTag.h */,
				FD7656AB15CAF2B500A3D10A /* IPKTag.m */,
				FD7656AC15CAF2B500A3D10A /* IPKTask.h */,
				FD7656AD15CAF2B500A3D10A /* IPKTask.m */,
				FD7656AE15CAF2B500A3D10A /* IPKUser.h */,
				FD7656AF15CAF2B500A3D10A /* IPKUser.m */,
			);
			path = Models;
			sourceTree = "<group>";
		};
/* End PBXGroup section */

/* Begin PBXHeadersBuildPhase section */
		B2D8D58D15BF7EE600A61836 /* Headers */ = {
			isa = PBXHeadersBuildPhase;
			buildActionMask = 2147483647;
			files = (
				FD764C3B15C9CADE00A3D10A /* IPKDefines.h in Headers */,
				FD764C3E15C9CADE00A3D10A /* IPKHTTPClient.h in Headers */,
				FD764C4415C9CADE00A3D10A /* IPKPushController.h in Headers */,
				FD764C4715C9CADE00A3D10A /* IPKRemoteManagedObject.h in Headers */,
				FD764C5315C9CADE00A3D10A /* InsiderPagesKit.h in Headers */,
				FD764C5415C9CADE00A3D10A /* NSDictionary+InsiderPagesKit.h in Headers */,
				FD764C5715C9CADE00A3D10A /* NSString+InsiderPagesKit.h in Headers */,
				FD7654C915C9D53300A3D10A /* AFIncrementalStore.h in Headers */,
				FD7654CC15C9D53300A3D10A /* AFRESTClient.h in Headers */,
				FD7654CF15C9D53300A3D10A /* AFHTTPClient.h in Headers */,
				FD7654D215C9D53300A3D10A /* AFHTTPRequestOperation.h in Headers */,
				FD7654D515C9D53300A3D10A /* AFImageRequestOperation.h in Headers */,
				FD7654D815C9D53300A3D10A /* AFJSONRequestOperation.h in Headers */,
				FD7654DB15C9D53300A3D10A /* AFJSONUtilities.h in Headers */,
				FD7654DE15C9D53300A3D10A /* AFNetworkActivityIndicatorManager.h in Headers */,
				FD7654E115C9D53300A3D10A /* AFNetworking.h in Headers */,
				FD7654E215C9D53300A3D10A /* AFPropertyListRequestOperation.h in Headers */,
				FD7654E515C9D53300A3D10A /* AFURLConnectionOperation.h in Headers */,
				FD7654E815C9D53300A3D10A /* AFXMLRequestOperation.h in Headers */,
				FD7654EB15C9D53300A3D10A /* UIImageView+AFNetworking.h in Headers */,
				FD7655C415C9D53400A3D10A /* Reachability.h in Headers */,
				FD7655C715C9D53400A3D10A /* NSManagedObjectContext+SSDataKitAdditions.h in Headers */,
				FD7655CA15C9D53400A3D10A /* SSDataKit.h in Headers */,
				FD7655D415C9D53400A3D10A /* SSManagedObject.h in Headers */,
				FD7655DD15C9D53400A3D10A /* SSRemoteManagedObject.h in Headers */,
				FD7655E015C9D53400A3D10A /* SSKeychain.h in Headers */,
				FD7656A015CA053100A3D10A /* IPKQueryModel.h in Headers */,
				FD7656B015CAF2B500A3D10A /* IPKList.h in Headers */,
				FD7656B915CAF2B500A3D10A /* IPKTag.h in Headers */,
				FD7656BC15CAF2B500A3D10A /* IPKTask.h in Headers */,
				FD7656BF15CAF2B500A3D10A /* IPKUser.h in Headers */,
				FD7656C915CB833B00A3D10A /* IPKNotification.h in Headers */,
				FD7656CE15CB833D00A3D10A /* IPKPage.h in Headers */,
				FD7656D815CB834000A3D10A /* IPKProvider.h in Headers */,
				FD7656DD15CB834100A3D10A /* IPKActivity.h in Headers */,
				FD32632815D077780050F394 /* NSMutableDictionary+InsiderPagesKit.h in Headers */,
			);
			runOnlyForDeploymentPostprocessing = 0;
		};
/* End PBXHeadersBuildPhase section */

/* Begin PBXNativeTarget section */
		B244408415BE53DC00D4D4CA /* InsiderPagesKit */ = {
			isa = PBXNativeTarget;
			buildConfigurationList = B244409315BE53DC00D4D4CA /* Build configuration list for PBXNativeTarget "InsiderPagesKit" */;
			buildPhases = (
				B244408115BE53DC00D4D4CA /* Sources */,
				B244408215BE53DC00D4D4CA /* Frameworks */,
				B244408315BE53DC00D4D4CA /* CopyFiles */,
			);
			buildRules = (
			);
			dependencies = (
				FD76561015C9D65800A3D10A /* PBXTargetDependency */,
			);
			name = InsiderPagesKit;
			productName = CheddarKit;
			productReference = B244408515BE53DC00D4D4CA /* libInsiderPagesKit.a */;
			productType = "com.apple.product-type.library.static";
		};
		B2D8D58F15BF7EE600A61836 /* InsiderPagesKitMac */ = {
			isa = PBXNativeTarget;
			buildConfigurationList = B2D8D5A215BF7EE600A61836 /* Build configuration list for PBXNativeTarget "InsiderPagesKitMac" */;
			buildPhases = (
				B2D8D58B15BF7EE600A61836 /* Sources */,
				B2D8D58C15BF7EE600A61836 /* Frameworks */,
				B2D8D58D15BF7EE600A61836 /* Headers */,
			);
			buildRules = (
			);
			dependencies = (
				FD76560D15C9D5CD00A3D10A /* PBXTargetDependency */,
			);
			name = InsiderPagesKitMac;
			productName = CheddarKitMac;
			productReference = B2D8D59015BF7EE600A61836 /* InsiderPagesKit.framework */;
			productType = "com.apple.product-type.framework";
		};
		FD76561B15C9D6FF00A3D10A /* InsiderPagesKitTests */ = {
			isa = PBXNativeTarget;
			buildConfigurationList = FD76562C15C9D70000A3D10A /* Build configuration list for PBXNativeTarget "InsiderPagesKitTests" */;
			buildPhases = (
				FD76561715C9D6FF00A3D10A /* Sources */,
				FD76561815C9D6FF00A3D10A /* Frameworks */,
				FD76561A15C9D6FF00A3D10A /* ShellScript */,
			);
			buildRules = (
			);
			dependencies = (
				FD76568A15C9ED0C00A3D10A /* PBXTargetDependency */,
			);
			name = InsiderPagesKitTests;
			productName = InsiderPagesKitTests;
			productReference = FD76561C15C9D6FF00A3D10A /* InsiderPagesKitTests.octest */;
			productType = "com.apple.product-type.bundle";
		};
/* End PBXNativeTarget section */

/* Begin PBXProject section */
		B244407C15BE53DC00D4D4CA /* Project object */ = {
			isa = PBXProject;
			attributes = {
				CLASSPREFIX = CDK;
				LastUpgradeCheck = 0450;
				ORGANIZATIONNAME = "Nothing Magical";
			};
			buildConfigurationList = B244407F15BE53DC00D4D4CA /* Build configuration list for PBXProject "InsiderPagesKit" */;
			compatibilityVersion = "Xcode 3.2";
			developmentRegion = English;
			hasScannedForEncodings = 0;
			knownRegions = (
				en,
			);
			mainGroup = B244407A15BE53DC00D4D4CA;
			productRefGroup = B244408615BE53DC00D4D4CA /* Products */;
			projectDirPath = "";
			projectReferences = (
				{
					ProductGroup = FD764FD815C9D52E00A3D10A /* Products */;
					ProjectRef = FD764FD715C9D52E00A3D10A /* Bully.xcodeproj */;
				},
				{
					ProductGroup = FD7654A415C9D53200A3D10A /* Products */;
					ProjectRef = FD7654A315C9D53200A3D10A /* SSKeychain.xcodeproj */;
				},
			);
			projectRoot = "";
			targets = (
				B244408415BE53DC00D4D4CA /* InsiderPagesKit */,
				B2D8D58F15BF7EE600A61836 /* InsiderPagesKitMac */,
				FD76561B15C9D6FF00A3D10A /* InsiderPagesKitTests */,
			);
		};
/* End PBXProject section */

/* Begin PBXReferenceProxy section */
		FD7655EE15C9D53400A3D10A /* libBully.a */ = {
			isa = PBXReferenceProxy;
			fileType = archive.ar;
			path = libBully.a;
			remoteRef = FD7655ED15C9D53400A3D10A /* PBXContainerItemProxy */;
			sourceTree = BUILT_PRODUCTS_DIR;
		};
		FD7655F015C9D53400A3D10A /* Bully.framework */ = {
			isa = PBXReferenceProxy;
			fileType = wrapper.framework;
			path = Bully.framework;
			remoteRef = FD7655EF15C9D53400A3D10A /* PBXContainerItemProxy */;
			sourceTree = BUILT_PRODUCTS_DIR;
		};
		FD76560915C9D53400A3D10A /* SSKeychainTests.octest */ = {
			isa = PBXReferenceProxy;
			fileType = wrapper.cfbundle;
			path = SSKeychainTests.octest;
			remoteRef = FD76560815C9D53400A3D10A /* PBXContainerItemProxy */;
			sourceTree = BUILT_PRODUCTS_DIR;
		};
		FD76560B15C9D53400A3D10A /* SSKeychainTestsARC.octest */ = {
			isa = PBXReferenceProxy;
			fileType = wrapper.cfbundle;
			path = SSKeychainTestsARC.octest;
			remoteRef = FD76560A15C9D53400A3D10A /* PBXContainerItemProxy */;
			sourceTree = BUILT_PRODUCTS_DIR;
		};
/* End PBXReferenceProxy section */

/* Begin PBXShellScriptBuildPhase section */
		FD76561A15C9D6FF00A3D10A /* ShellScript */ = {
			isa = PBXShellScriptBuildPhase;
			buildActionMask = 2147483647;
			files = (
			);
			inputPaths = (
			);
			outputPaths = (
			);
			runOnlyForDeploymentPostprocessing = 0;
			shellPath = /bin/sh;
			shellScript = "# Run the unit tests in this test bundle.\n\"${SYSTEM_DEVELOPER_DIR}/Tools/RunUnitTests\"\n";
		};
/* End PBXShellScriptBuildPhase section */

/* Begin PBXSourcesBuildPhase section */
		B244408115BE53DC00D4D4CA /* Sources */ = {
			isa = PBXSourcesBuildPhase;
			buildActionMask = 2147483647;
			files = (
				FD32632515D0407F0050F394 /* NSDictionary+InsiderPagesKit.m in Sources */,
				FD76561215C9D6B600A3D10A /* SSFilterableFetchedResultsController.m in Sources */,
				FD76561315C9D6B600A3D10A /* SSFilteredResultsFilter.m in Sources */,
				FD76561415C9D6B600A3D10A /* SSFilteredResultsSection.m in Sources */,
				FD76561515C9D6B600A3D10A /* SSManagedTableViewController.m in Sources */,
				FD76561615C9D6B600A3D10A /* SSManagedViewController.m in Sources */,
				FD764C3C15C9CADE00A3D10A /* IPKDefines.m in Sources */,
				FD764C3F15C9CADE00A3D10A /* IPKHTTPClient.m in Sources */,
				FD764C4515C9CADE00A3D10A /* IPKPushController.m in Sources */,
				FD764C4815C9CADE00A3D10A /* IPKRemoteManagedObject.m in Sources */,
				FD764C5815C9CADE00A3D10A /* NSString+InsiderPagesKit.m in Sources */,
				FD7654CA15C9D53300A3D10A /* AFIncrementalStore.m in Sources */,
				FD7654CD15C9D53300A3D10A /* AFRESTClient.m in Sources */,
				FD7654D015C9D53300A3D10A /* AFHTTPClient.m in Sources */,
				FD7654D315C9D53300A3D10A /* AFHTTPRequestOperation.m in Sources */,
				FD7654D615C9D53300A3D10A /* AFImageRequestOperation.m in Sources */,
				FD7654D915C9D53300A3D10A /* AFJSONRequestOperation.m in Sources */,
				FD7654DC15C9D53300A3D10A /* AFJSONUtilities.m in Sources */,
				FD7654DF15C9D53300A3D10A /* AFNetworkActivityIndicatorManager.m in Sources */,
				FD7654E315C9D53300A3D10A /* AFPropertyListRequestOperation.m in Sources */,
				FD7654E615C9D53300A3D10A /* AFURLConnectionOperation.m in Sources */,
				FD7654E915C9D53300A3D10A /* AFXMLRequestOperation.m in Sources */,
				FD7654EC15C9D53300A3D10A /* UIImageView+AFNetworking.m in Sources */,
				FD7655C515C9D53400A3D10A /* Reachability.m in Sources */,
				FD7655C815C9D53400A3D10A /* NSManagedObjectContext+SSDataKitAdditions.m in Sources */,
				FD7655D515C9D53400A3D10A /* SSManagedObject.m in Sources */,
				FD7655DE15C9D53400A3D10A /* SSRemoteManagedObject.m in Sources */,
				FD7655E115C9D53400A3D10A /* SSKeychain.m in Sources */,
				FD7656A115CA053100A3D10A /* IPKQueryModel.m in Sources */,
				FD7656B115CAF2B500A3D10A /* IPKList.m in Sources */,
				FD7656BA15CAF2B500A3D10A /* IPKTag.m in Sources */,
				FD7656BD15CAF2B500A3D10A /* IPKTask.m in Sources */,
				FD7656C015CAF2B500A3D10A /* IPKUser.m in Sources */,
				FD7656CA15CB833B00A3D10A /* IPKNotification.m in Sources */,
				FD7656CF15CB833D00A3D10A /* IPKPage.m in Sources */,
				FD7656D915CB834000A3D10A /* IPKProvider.m in Sources */,
				FD7656DE15CB834100A3D10A /* IPKActivity.m in Sources */,
				FD32632915D077780050F394 /* NSMutableDictionary+InsiderPagesKit.m in Sources */,
			);
			runOnlyForDeploymentPostprocessing = 0;
		};
		B2D8D58B15BF7EE600A61836 /* Sources */ = {
			isa = PBXSourcesBuildPhase;
			buildActionMask = 2147483647;
			files = (
				FD764C3D15C9CADE00A3D10A /* IPKDefines.m in Sources */,
				FD764C4015C9CADE00A3D10A /* IPKHTTPClient.m in Sources */,
				FD764C4615C9CADE00A3D10A /* IPKPushController.m in Sources */,
				FD764C4915C9CADE00A3D10A /* IPKRemoteManagedObject.m in Sources */,
				FD764C5615C9CADE00A3D10A /* NSDictionary+InsiderPagesKit.m in Sources */,
				FD764C5915C9CADE00A3D10A /* NSString+InsiderPagesKit.m in Sources */,
				FD764F2B15C9CEA100A3D10A /* InsiderPages.xcdatamodeld in Sources */,
				FD7654CB15C9D53300A3D10A /* AFIncrementalStore.m in Sources */,
				FD7654CE15C9D53300A3D10A /* AFRESTClient.m in Sources */,
				FD7654D115C9D53300A3D10A /* AFHTTPClient.m in Sources */,
				FD7654D415C9D53300A3D10A /* AFHTTPRequestOperation.m in Sources */,
				FD7654D715C9D53300A3D10A /* AFImageRequestOperation.m in Sources */,
				FD7654DA15C9D53300A3D10A /* AFJSONRequestOperation.m in Sources */,
				FD7654DD15C9D53300A3D10A /* AFJSONUtilities.m in Sources */,
				FD7654E015C9D53300A3D10A /* AFNetworkActivityIndicatorManager.m in Sources */,
				FD7654E415C9D53300A3D10A /* AFPropertyListRequestOperation.m in Sources */,
				FD7654E715C9D53300A3D10A /* AFURLConnectionOperation.m in Sources */,
				FD7654EA15C9D53300A3D10A /* AFXMLRequestOperation.m in Sources */,
				FD7654ED15C9D53300A3D10A /* UIImageView+AFNetworking.m in Sources */,
				FD7655C615C9D53400A3D10A /* Reachability.m in Sources */,
				FD7655C915C9D53400A3D10A /* NSManagedObjectContext+SSDataKitAdditions.m in Sources */,
				FD7655D615C9D53400A3D10A /* SSManagedObject.m in Sources */,
				FD7655DF15C9D53400A3D10A /* SSRemoteManagedObject.m in Sources */,
				FD7655E215C9D53400A3D10A /* SSKeychain.m in Sources */,
				FD7656A215CA053100A3D10A /* IPKQueryModel.m in Sources */,
				FD7656B215CAF2B500A3D10A /* IPKList.m in Sources */,
				FD7656BB15CAF2B500A3D10A /* IPKTag.m in Sources */,
				FD7656BE15CAF2B500A3D10A /* IPKTask.m in Sources */,
				FD7656C115CAF2B500A3D10A /* IPKUser.m in Sources */,
				FD7656CB15CB833B00A3D10A /* IPKNotification.m in Sources */,
				FD7656D015CB833D00A3D10A /* IPKPage.m in Sources */,
				FD7656DA15CB834000A3D10A /* IPKProvider.m in Sources */,
				FD7656DF15CB834100A3D10A /* IPKActivity.m in Sources */,
				FD32632A15D077780050F394 /* NSMutableDictionary+InsiderPagesKit.m in Sources */,
			);
			runOnlyForDeploymentPostprocessing = 0;
		};
		FD76561715C9D6FF00A3D10A /* Sources */ = {
			isa = PBXSourcesBuildPhase;
			buildActionMask = 2147483647;
			files = (
				FD32632415D040550050F394 /* NSDictionary+InsiderPagesKit.m in Sources */,
				FD260E1915CC91590002C801 /* NSRunLoop+TimeOutAndFlag.m in Sources */,
				FD260E1515CC5E420002C801 /* InsiderPages.xcdatamodeld in Sources */,
				FD76562A15C9D70000A3D10A /* InsiderPagesKitTests.m in Sources */,
				FD76568115C9E35000A3D10A /* IPKDefines.m in Sources */,
				FD32632B15D078240050F394 /* NSMutableDictionary+InsiderPagesKit.m in Sources */,
			);
			runOnlyForDeploymentPostprocessing = 0;
		};
/* End PBXSourcesBuildPhase section */

/* Begin PBXTargetDependency section */
		FD76560D15C9D5CD00A3D10A /* PBXTargetDependency */ = {
			isa = PBXTargetDependency;
			name = BullyMac;
			targetProxy = FD76560C15C9D5CD00A3D10A /* PBXContainerItemProxy */;
		};
		FD76561015C9D65800A3D10A /* PBXTargetDependency */ = {
			isa = PBXTargetDependency;
			name = Bully;
			targetProxy = FD76560F15C9D65800A3D10A /* PBXContainerItemProxy */;
		};
		FD76568A15C9ED0C00A3D10A /* PBXTargetDependency */ = {
			isa = PBXTargetDependency;
			target = B244408415BE53DC00D4D4CA /* InsiderPagesKit */;
			targetProxy = FD76568915C9ED0C00A3D10A /* PBXContainerItemProxy */;
		};
/* End PBXTargetDependency section */

/* Begin PBXVariantGroup section */
		FD76562515C9D6FF00A3D10A /* InfoPlist.strings */ = {
			isa = PBXVariantGroup;
			children = (
				FD76562615C9D6FF00A3D10A /* en */,
			);
			name = InfoPlist.strings;
			sourceTree = "<group>";
		};
/* End PBXVariantGroup section */

/* Begin XCBuildConfiguration section */
		B244409115BE53DC00D4D4CA /* Debug */ = {
			isa = XCBuildConfiguration;
			buildSettings = {
				ALWAYS_SEARCH_USER_PATHS = NO;
				CLANG_CXX_LANGUAGE_STANDARD = "gnu++0x";
				CLANG_CXX_LIBRARY = "libc++";
				CLANG_ENABLE_OBJC_ARC = YES;
				CLANG_WARN__DUPLICATE_METHOD_MATCH = YES;
				COPY_PHASE_STRIP = NO;
				GCC_C_LANGUAGE_STANDARD = gnu99;
				GCC_DYNAMIC_NO_PIC = NO;
				GCC_OPTIMIZATION_LEVEL = 0;
				GCC_PREPROCESSOR_DEFINITIONS = (
					"DEBUG=1",
					"$(inherited)",
				);
				GCC_SYMBOLS_PRIVATE_EXTERN = NO;
				GCC_WARN_ABOUT_RETURN_TYPE = YES;
				GCC_WARN_UNINITIALIZED_AUTOS = YES;
				GCC_WARN_UNUSED_VARIABLE = YES;
				IPHONEOS_DEPLOYMENT_TARGET = 6.0;
				SDKROOT = iphoneos;
			};
			name = Debug;
		};
		B244409215BE53DC00D4D4CA /* Release */ = {
			isa = XCBuildConfiguration;
			buildSettings = {
				ALWAYS_SEARCH_USER_PATHS = NO;
				CLANG_CXX_LANGUAGE_STANDARD = "gnu++0x";
				CLANG_CXX_LIBRARY = "libc++";
				CLANG_ENABLE_OBJC_ARC = YES;
				CLANG_WARN__DUPLICATE_METHOD_MATCH = YES;
				COPY_PHASE_STRIP = YES;
				GCC_C_LANGUAGE_STANDARD = gnu99;
				GCC_WARN_ABOUT_RETURN_TYPE = YES;
				GCC_WARN_UNINITIALIZED_AUTOS = YES;
				GCC_WARN_UNUSED_VARIABLE = YES;
				IPHONEOS_DEPLOYMENT_TARGET = 6.0;
				SDKROOT = iphoneos;
				VALIDATE_PRODUCT = YES;
			};
			name = Release;
		};
		B244409415BE53DC00D4D4CA /* Debug */ = {
			isa = XCBuildConfiguration;
			buildSettings = {
				DSTROOT = /tmp/CheddarKit.dst;
				GCC_SYMBOLS_PRIVATE_EXTERN = NO;
				HEADER_SEARCH_PATHS = (
					"\"$(SRCROOT)/InsiderPagesKit/Vendor/Bully\"",
					"\"$(SRCROOT)/CheddarKit/Vendor/SSDataKit\"",
				);
				IPHONEOS_DEPLOYMENT_TARGET = 5.0;
				LIBRARY_SEARCH_PATHS = (
					"$(inherited)",
					"\"$(SRCROOT)/../../Library/Developer/Xcode/DerivedData/InsiderPagesKit-dkuasncwgpvjswdramitdfdfarzr/Build/Products/Debug-iphoneos\"",
					"\"$(SRCROOT)/InsiderPagesKit/Vendor/Bully/Vendor/SocketRocket/.env\"",
					"\"$(SRCROOT)/InsiderPagesKit/Vendor/Bully/Vendor/SocketRocket/.env/lib/python2.7/config\"",
				);
				OTHER_LDFLAGS = "-ObjC";
				PRODUCT_NAME = InsiderPagesKit;
				SKIP_INSTALL = YES;
			};
			name = Debug;
		};
		B244409515BE53DC00D4D4CA /* Release */ = {
			isa = XCBuildConfiguration;
			buildSettings = {
				DSTROOT = /tmp/CheddarKit.dst;
				GCC_SYMBOLS_PRIVATE_EXTERN = NO;
				HEADER_SEARCH_PATHS = (
					"\"$(SRCROOT)/InsiderPagesKit/Vendor/Bully\"",
					"\"$(SRCROOT)/CheddarKit/Vendor/SSDataKit\"",
				);
				IPHONEOS_DEPLOYMENT_TARGET = 5.0;
				LIBRARY_SEARCH_PATHS = (
					"$(inherited)",
					"\"$(SRCROOT)/../../Library/Developer/Xcode/DerivedData/InsiderPagesKit-dkuasncwgpvjswdramitdfdfarzr/Build/Products/Debug-iphoneos\"",
					"\"$(SRCROOT)/InsiderPagesKit/Vendor/Bully/Vendor/SocketRocket/.env\"",
					"\"$(SRCROOT)/InsiderPagesKit/Vendor/Bully/Vendor/SocketRocket/.env/lib/python2.7/config\"",
				);
				OTHER_LDFLAGS = "-ObjC";
				PRODUCT_NAME = InsiderPagesKit;
				SKIP_INSTALL = YES;
			};
			name = Release;
		};
		B2D8D5A315BF7EE600A61836 /* Debug */ = {
			isa = XCBuildConfiguration;
			buildSettings = {
				ARCHS = "$(ARCHS_STANDARD_64_BIT)";
				COMBINE_HIDPI_IMAGES = YES;
				DYLIB_COMPATIBILITY_VERSION = 1;
				DYLIB_CURRENT_VERSION = 1;
				FRAMEWORK_SEARCH_PATHS = (
					"$(inherited)",
					"\"$(SYSTEM_APPS_DIR)/Xcode45-DP3.app/Contents/Developer/Library/Frameworks\"",
				);
				FRAMEWORK_VERSION = A;
				GCC_ENABLE_OBJC_EXCEPTIONS = YES;
				GCC_WARN_64_TO_32_BIT_CONVERSION = YES;
				INFOPLIST_FILE = "Other Sources/InsiderPagesKitMac-Info.plist";
				LIBRARY_SEARCH_PATHS = (
					"$(inherited)",
					"\"$(SRCROOT)/InsiderPagesKit/Vendor/Bully/Vendor/SocketRocket/.env\"",
					"\"$(SRCROOT)/InsiderPagesKit/Vendor/Bully/Vendor/SocketRocket/.env/lib/python2.7/config\"",
				);
				MACOSX_DEPLOYMENT_TARGET = 10.7;
				ONLY_ACTIVE_ARCH = YES;
				PRODUCT_NAME = InsiderPagesKit;
				SDKROOT = macosx;
				SKIP_INSTALL = YES;
				WRAPPER_EXTENSION = framework;
			};
			name = Debug;
		};
		B2D8D5A415BF7EE600A61836 /* Release */ = {
			isa = XCBuildConfiguration;
			buildSettings = {
				ARCHS = "$(ARCHS_STANDARD_64_BIT)";
				COMBINE_HIDPI_IMAGES = YES;
				DEBUG_INFORMATION_FORMAT = "dwarf-with-dsym";
				DYLIB_COMPATIBILITY_VERSION = 1;
				DYLIB_CURRENT_VERSION = 1;
				FRAMEWORK_SEARCH_PATHS = (
					"$(inherited)",
					"\"$(SYSTEM_APPS_DIR)/Xcode45-DP3.app/Contents/Developer/Library/Frameworks\"",
				);
				FRAMEWORK_VERSION = A;
				GCC_ENABLE_OBJC_EXCEPTIONS = YES;
				GCC_WARN_64_TO_32_BIT_CONVERSION = YES;
				INFOPLIST_FILE = "Other Sources/InsiderPagesKitMac-Info.plist";
				LIBRARY_SEARCH_PATHS = (
					"$(inherited)",
					"\"$(SRCROOT)/InsiderPagesKit/Vendor/Bully/Vendor/SocketRocket/.env\"",
					"\"$(SRCROOT)/InsiderPagesKit/Vendor/Bully/Vendor/SocketRocket/.env/lib/python2.7/config\"",
				);
				MACOSX_DEPLOYMENT_TARGET = 10.7;
				PRODUCT_NAME = InsiderPagesKit;
				SDKROOT = macosx;
				SKIP_INSTALL = YES;
				WRAPPER_EXTENSION = framework;
			};
			name = Release;
		};
		FD76562D15C9D70000A3D10A /* Debug */ = {
			isa = XCBuildConfiguration;
			buildSettings = {
				ALWAYS_SEARCH_USER_PATHS = YES;
				BUNDLE_LOADER = "";
				FRAMEWORK_SEARCH_PATHS = (
					"\"$(SDKROOT)/Developer/Library/Frameworks\"",
					"\"$(DEVELOPER_LIBRARY_DIR)/Frameworks\"",
				);
				GCC_PRECOMPILE_PREFIX_HEADER = YES;
				GCC_PREFIX_HEADER = "InsiderPagesKitTests/InsiderPagesKitTests-Prefix.pch";
				HEADER_SEARCH_PATHS = "\"$(SRCROOT)/InsiderPagesKit/Vendor/**";
				INFOPLIST_FILE = "InsiderPagesKitTests/InsiderPagesKitTests-Info.plist";
				LIBRARY_SEARCH_PATHS = "\"$(SRCROOT)/../../Library/Developer/Xcode/DerivedData/InsiderPagesKit-dkuasncwgpvjswdramitdfdfarzr/Build/Products/Debug-iphoneos\"";
				PRODUCT_NAME = "$(TARGET_NAME)";
				USER_HEADER_SEARCH_PATHS = "\"$(SRCROOT)/CheddarKit/Vendor/SSDataKit\"";
				WRAPPER_EXTENSION = octest;
			};
			name = Debug;
		};
		FD76562E15C9D70000A3D10A /* Release */ = {
			isa = XCBuildConfiguration;
			buildSettings = {
				ALWAYS_SEARCH_USER_PATHS = YES;
				BUNDLE_LOADER = "";
				FRAMEWORK_SEARCH_PATHS = (
					"\"$(SDKROOT)/Developer/Library/Frameworks\"",
					"\"$(DEVELOPER_LIBRARY_DIR)/Frameworks\"",
				);
				GCC_PRECOMPILE_PREFIX_HEADER = YES;
				GCC_PREFIX_HEADER = "InsiderPagesKitTests/InsiderPagesKitTests-Prefix.pch";
				HEADER_SEARCH_PATHS = "\"$(SRCROOT)/InsiderPagesKit/Vendor/**";
				INFOPLIST_FILE = "InsiderPagesKitTests/InsiderPagesKitTests-Info.plist";
				LIBRARY_SEARCH_PATHS = "\"$(SRCROOT)/../../Library/Developer/Xcode/DerivedData/InsiderPagesKit-dkuasncwgpvjswdramitdfdfarzr/Build/Products/Debug-iphoneos\"";
				PRODUCT_NAME = "$(TARGET_NAME)";
				USER_HEADER_SEARCH_PATHS = "\"$(SRCROOT)/CheddarKit/Vendor/SSDataKit\"";
				WRAPPER_EXTENSION = octest;
			};
			name = Release;
		};
/* End XCBuildConfiguration section */

/* Begin XCConfigurationList section */
		B244407F15BE53DC00D4D4CA /* Build configuration list for PBXProject "InsiderPagesKit" */ = {
			isa = XCConfigurationList;
			buildConfigurations = (
				B244409115BE53DC00D4D4CA /* Debug */,
				B244409215BE53DC00D4D4CA /* Release */,
			);
			defaultConfigurationIsVisible = 0;
			defaultConfigurationName = Release;
		};
		B244409315BE53DC00D4D4CA /* Build configuration list for PBXNativeTarget "InsiderPagesKit" */ = {
			isa = XCConfigurationList;
			buildConfigurations = (
				B244409415BE53DC00D4D4CA /* Debug */,
				B244409515BE53DC00D4D4CA /* Release */,
			);
			defaultConfigurationIsVisible = 0;
			defaultConfigurationName = Release;
		};
		B2D8D5A215BF7EE600A61836 /* Build configuration list for PBXNativeTarget "InsiderPagesKitMac" */ = {
			isa = XCConfigurationList;
			buildConfigurations = (
				B2D8D5A315BF7EE600A61836 /* Debug */,
				B2D8D5A415BF7EE600A61836 /* Release */,
			);
			defaultConfigurationIsVisible = 0;
			defaultConfigurationName = Release;
		};
		FD76562C15C9D70000A3D10A /* Build configuration list for PBXNativeTarget "InsiderPagesKitTests" */ = {
			isa = XCConfigurationList;
			buildConfigurations = (
				FD76562D15C9D70000A3D10A /* Debug */,
				FD76562E15C9D70000A3D10A /* Release */,
			);
			defaultConfigurationIsVisible = 0;
			defaultConfigurationName = Release;
		};
/* End XCConfigurationList section */

/* Begin XCVersionGroup section */
		FD764F2815C9CEA100A3D10A /* InsiderPages.xcdatamodeld */ = {
			isa = XCVersionGroup;
			children = (
				FD764F2915C9CEA100A3D10A /* InsiderPages.xcdatamodel */,
			);
			currentVersion = FD764F2915C9CEA100A3D10A /* InsiderPages.xcdatamodel */;
			path = InsiderPages.xcdatamodeld;
			sourceTree = "<group>";
			versionGroupType = wrapper.xcdatamodel;
		};
/* End XCVersionGroup section */
	};
	rootObject = B244407C15BE53DC00D4D4CA /* Project object */;
}
